// !$*UTF8*$!
{
	archiveVersion = 1;
	classes = {
	};
	objectVersion = 56;
	objects = {

/* Begin PBXBuildFile section */
		3E3DEB382C3117A400CA5999 /* GBNetwork.docc in Sources */ = {isa = PBXBuildFile; fileRef = 3E3DEB372C3117A400CA5999 /* GBNetwork.docc */; };
		3E3DEB3E2C3117A400CA5999 /* GBNetwork.framework in Frameworks */ = {isa = PBXBuildFile; fileRef = 3E3DEB332C3117A300CA5999 /* GBNetwork.framework */; };
		3E3DEB432C3117A400CA5999 /* GBNetworkTests.swift in Sources */ = {isa = PBXBuildFile; fileRef = 3E3DEB422C3117A400CA5999 /* GBNetworkTests.swift */; };
		3E3DEB442C3117A400CA5999 /* GBNetwork.h in Headers */ = {isa = PBXBuildFile; fileRef = 3E3DEB362C3117A300CA5999 /* GBNetwork.h */; settings = {ATTRIBUTES = (Public, ); }; };
		3E3DEB562C3117F600CA5999 /* GBNetworkError.swift in Sources */ = {isa = PBXBuildFile; fileRef = 3E3DEB4D2C3117F500CA5999 /* GBNetworkError.swift */; };
		3E3DEB572C3117F600CA5999 /* APIClient.swift in Sources */ = {isa = PBXBuildFile; fileRef = 3E3DEB4E2C3117F500CA5999 /* APIClient.swift */; };
		3E3DEB582C3117F600CA5999 /* URLRequest+Encoding.swift in Sources */ = {isa = PBXBuildFile; fileRef = 3E3DEB4F2C3117F600CA5999 /* URLRequest+Encoding.swift */; };
		3E3DEB592C3117F600CA5999 /* Response.swift in Sources */ = {isa = PBXBuildFile; fileRef = 3E3DEB502C3117F600CA5999 /* Response.swift */; };
		3E3DEB5B2C3117F600CA5999 /* RequestType.swift in Sources */ = {isa = PBXBuildFile; fileRef = 3E3DEB522C3117F600CA5999 /* RequestType.swift */; };
		3E3DEB5C2C3117F600CA5999 /* HTTPMethod.swift in Sources */ = {isa = PBXBuildFile; fileRef = 3E3DEB532C3117F600CA5999 /* HTTPMethod.swift */; };
		3E3DEB5D2C3117F600CA5999 /* HTTPTask.swift in Sources */ = {isa = PBXBuildFile; fileRef = 3E3DEB542C3117F600CA5999 /* HTTPTask.swift */; };
		3E3DEB5E2C3117F600CA5999 /* HTTPHeader.swift in Sources */ = {isa = PBXBuildFile; fileRef = 3E3DEB552C3117F600CA5999 /* HTTPHeader.swift */; };
		3E3DEB9C2C315DE000CA5999 /* RawResponse.swift in Sources */ = {isa = PBXBuildFile; fileRef = 3E3DEB9B2C315DE000CA5999 /* RawResponse.swift */; };
/* End PBXBuildFile section */

/* Begin PBXContainerItemProxy section */
		3E3DEB3F2C3117A400CA5999 /* PBXContainerItemProxy */ = {
			isa = PBXContainerItemProxy;
			containerPortal = 3E3DEB2A2C3117A300CA5999 /* Project object */;
			proxyType = 1;
			remoteGlobalIDString = 3E3DEB322C3117A300CA5999;
			remoteInfo = GBNetwork;
		};
/* End PBXContainerItemProxy section */

/* Begin PBXFileReference section */
		3E3DEB332C3117A300CA5999 /* GBNetwork.framework */ = {isa = PBXFileReference; explicitFileType = wrapper.framework; includeInIndex = 0; path = GBNetwork.framework; sourceTree = BUILT_PRODUCTS_DIR; };
		3E3DEB362C3117A300CA5999 /* GBNetwork.h */ = {isa = PBXFileReference; lastKnownFileType = sourcecode.c.h; path = GBNetwork.h; sourceTree = "<group>"; };
		3E3DEB372C3117A400CA5999 /* GBNetwork.docc */ = {isa = PBXFileReference; lastKnownFileType = folder.documentationcatalog; path = GBNetwork.docc; sourceTree = "<group>"; };
		3E3DEB3D2C3117A400CA5999 /* GBNetworkTests.xctest */ = {isa = PBXFileReference; explicitFileType = wrapper.cfbundle; includeInIndex = 0; path = GBNetworkTests.xctest; sourceTree = BUILT_PRODUCTS_DIR; };
		3E3DEB422C3117A400CA5999 /* GBNetworkTests.swift */ = {isa = PBXFileReference; lastKnownFileType = sourcecode.swift; path = GBNetworkTests.swift; sourceTree = "<group>"; };
		3E3DEB4D2C3117F500CA5999 /* GBNetworkError.swift */ = {isa = PBXFileReference; fileEncoding = 4; lastKnownFileType = sourcecode.swift; path = GBNetworkError.swift; sourceTree = "<group>"; };
		3E3DEB4E2C3117F500CA5999 /* APIClient.swift */ = {isa = PBXFileReference; fileEncoding = 4; lastKnownFileType = sourcecode.swift; path = APIClient.swift; sourceTree = "<group>"; };
		3E3DEB4F2C3117F600CA5999 /* URLRequest+Encoding.swift */ = {isa = PBXFileReference; fileEncoding = 4; lastKnownFileType = sourcecode.swift; path = "URLRequest+Encoding.swift"; sourceTree = "<group>"; };
		3E3DEB502C3117F600CA5999 /* Response.swift */ = {isa = PBXFileReference; fileEncoding = 4; lastKnownFileType = sourcecode.swift; path = Response.swift; sourceTree = "<group>"; };
		3E3DEB522C3117F600CA5999 /* RequestType.swift */ = {isa = PBXFileReference; fileEncoding = 4; lastKnownFileType = sourcecode.swift; path = RequestType.swift; sourceTree = "<group>"; };
		3E3DEB532C3117F600CA5999 /* HTTPMethod.swift */ = {isa = PBXFileReference; fileEncoding = 4; lastKnownFileType = sourcecode.swift; path = HTTPMethod.swift; sourceTree = "<group>"; };
		3E3DEB542C3117F600CA5999 /* HTTPTask.swift */ = {isa = PBXFileReference; fileEncoding = 4; lastKnownFileType = sourcecode.swift; path = HTTPTask.swift; sourceTree = "<group>"; };
		3E3DEB552C3117F600CA5999 /* HTTPHeader.swift */ = {isa = PBXFileReference; fileEncoding = 4; lastKnownFileType = sourcecode.swift; path = HTTPHeader.swift; sourceTree = "<group>"; };
		3E3DEB9B2C315DE000CA5999 /* RawResponse.swift */ = {isa = PBXFileReference; lastKnownFileType = sourcecode.swift; path = RawResponse.swift; sourceTree = "<group>"; };
/* End PBXFileReference section */

/* Begin PBXFrameworksBuildPhase section */
		3E3DEB302C3117A300CA5999 /* Frameworks */ = {
			isa = PBXFrameworksBuildPhase;
			buildActionMask = 2147483647;
			files = (
			);
			runOnlyForDeploymentPostprocessing = 0;
		};
		3E3DEB3A2C3117A400CA5999 /* Frameworks */ = {
			isa = PBXFrameworksBuildPhase;
			buildActionMask = 2147483647;
			files = (
				3E3DEB3E2C3117A400CA5999 /* GBNetwork.framework in Frameworks */,
			);
			runOnlyForDeploymentPostprocessing = 0;
		};
/* End PBXFrameworksBuildPhase section */

/* Begin PBXGroup section */
		3E3DEB292C3117A300CA5999 = {
			isa = PBXGroup;
			children = (
				3E3DEB352C3117A300CA5999 /* GBNetwork */,
				3E3DEB412C3117A400CA5999 /* GBNetworkTests */,
				3E3DEB342C3117A300CA5999 /* Products */,
			);
			sourceTree = "<group>";
		};
		3E3DEB342C3117A300CA5999 /* Products */ = {
			isa = PBXGroup;
			children = (
				3E3DEB332C3117A300CA5999 /* GBNetwork.framework */,
				3E3DEB3D2C3117A400CA5999 /* GBNetworkTests.xctest */,
			);
			name = Products;
			sourceTree = "<group>";
		};
		3E3DEB352C3117A300CA5999 /* GBNetwork */ = {
			isa = PBXGroup;
			children = (
				3E3DEB362C3117A300CA5999 /* GBNetwork.h */,
				3E3DEB4E2C3117F500CA5999 /* APIClient.swift */,
				3E3DEB4D2C3117F500CA5999 /* GBNetworkError.swift */,
				3E3DEB552C3117F600CA5999 /* HTTPHeader.swift */,
				3E3DEB532C3117F600CA5999 /* HTTPMethod.swift */,
				3E3DEB542C3117F600CA5999 /* HTTPTask.swift */,
				3E3DEB522C3117F600CA5999 /* RequestType.swift */,
				3E3DEB9B2C315DE000CA5999 /* RawResponse.swift */,
				3E3DEB502C3117F600CA5999 /* Response.swift */,
				3E3DEB4F2C3117F600CA5999 /* URLRequest+Encoding.swift */,
				3E3DEB372C3117A400CA5999 /* GBNetwork.docc */,
			);
			path = GBNetwork;
			sourceTree = "<group>";
		};
		3E3DEB412C3117A400CA5999 /* GBNetworkTests */ = {
			isa = PBXGroup;
			children = (
				3E3DEB422C3117A400CA5999 /* GBNetworkTests.swift */,
			);
			path = GBNetworkTests;
			sourceTree = "<group>";
		};
/* End PBXGroup section */

/* Begin PBXHeadersBuildPhase section */
		3E3DEB2E2C3117A300CA5999 /* Headers */ = {
			isa = PBXHeadersBuildPhase;
			buildActionMask = 2147483647;
			files = (
				3E3DEB442C3117A400CA5999 /* GBNetwork.h in Headers */,
			);
			runOnlyForDeploymentPostprocessing = 0;
		};
/* End PBXHeadersBuildPhase section */

/* Begin PBXNativeTarget section */
		3E3DEB322C3117A300CA5999 /* GBNetwork */ = {
			isa = PBXNativeTarget;
			buildConfigurationList = 3E3DEB472C3117A400CA5999 /* Build configuration list for PBXNativeTarget "GBNetwork" */;
			buildPhases = (
				3E3DEB2E2C3117A300CA5999 /* Headers */,
				3E3DEB2F2C3117A300CA5999 /* Sources */,
				3E3DEB302C3117A300CA5999 /* Frameworks */,
				3E3DEB312C3117A300CA5999 /* Resources */,
			);
			buildRules = (
			);
			dependencies = (
			);
			name = GBNetwork;
			productName = GBNetwork;
			productReference = 3E3DEB332C3117A300CA5999 /* GBNetwork.framework */;
			productType = "com.apple.product-type.framework";
		};
		3E3DEB3C2C3117A400CA5999 /* GBNetworkTests */ = {
			isa = PBXNativeTarget;
			buildConfigurationList = 3E3DEB4A2C3117A400CA5999 /* Build configuration list for PBXNativeTarget "GBNetworkTests" */;
			buildPhases = (
				3E3DEB392C3117A400CA5999 /* Sources */,
				3E3DEB3A2C3117A400CA5999 /* Frameworks */,
				3E3DEB3B2C3117A400CA5999 /* Resources */,
			);
			buildRules = (
			);
			dependencies = (
				3E3DEB402C3117A400CA5999 /* PBXTargetDependency */,
			);
			name = GBNetworkTests;
			productName = GBNetworkTests;
			productReference = 3E3DEB3D2C3117A400CA5999 /* GBNetworkTests.xctest */;
			productType = "com.apple.product-type.bundle.unit-test";
		};
/* End PBXNativeTarget section */

/* Begin PBXProject section */
		3E3DEB2A2C3117A300CA5999 /* Project object */ = {
			isa = PBXProject;
			attributes = {
				BuildIndependentTargetsInParallel = 1;
				LastSwiftUpdateCheck = 1540;
				LastUpgradeCheck = 1540;
				TargetAttributes = {
					3E3DEB322C3117A300CA5999 = {
						CreatedOnToolsVersion = 15.4;
					};
					3E3DEB3C2C3117A400CA5999 = {
						CreatedOnToolsVersion = 15.4;
					};
				};
			};
			buildConfigurationList = 3E3DEB2D2C3117A300CA5999 /* Build configuration list for PBXProject "GBNetwork" */;
			compatibilityVersion = "Xcode 14.0";
			developmentRegion = en;
			hasScannedForEncodings = 0;
			knownRegions = (
				en,
				Base,
			);
			mainGroup = 3E3DEB292C3117A300CA5999;
			productRefGroup = 3E3DEB342C3117A300CA5999 /* Products */;
			projectDirPath = "";
			projectRoot = "";
			targets = (
				3E3DEB322C3117A300CA5999 /* GBNetwork */,
				3E3DEB3C2C3117A400CA5999 /* GBNetworkTests */,
			);
		};
/* End PBXProject section */

/* Begin PBXResourcesBuildPhase section */
		3E3DEB312C3117A300CA5999 /* Resources */ = {
			isa = PBXResourcesBuildPhase;
			buildActionMask = 2147483647;
			files = (
			);
			runOnlyForDeploymentPostprocessing = 0;
		};
		3E3DEB3B2C3117A400CA5999 /* Resources */ = {
			isa = PBXResourcesBuildPhase;
			buildActionMask = 2147483647;
			files = (
			);
			runOnlyForDeploymentPostprocessing = 0;
		};
/* End PBXResourcesBuildPhase section */

/* Begin PBXSourcesBuildPhase section */
		3E3DEB2F2C3117A300CA5999 /* Sources */ = {
			isa = PBXSourcesBuildPhase;
			buildActionMask = 2147483647;
			files = (
				3E3DEB5E2C3117F600CA5999 /* HTTPHeader.swift in Sources */,
				3E3DEB562C3117F600CA5999 /* GBNetworkError.swift in Sources */,
				3E3DEB382C3117A400CA5999 /* GBNetwork.docc in Sources */,
				3E3DEB9C2C315DE000CA5999 /* RawResponse.swift in Sources */,
				3E3DEB5C2C3117F600CA5999 /* HTTPMethod.swift in Sources */,
				3E3DEB582C3117F600CA5999 /* URLRequest+Encoding.swift in Sources */,
				3E3DEB5D2C3117F600CA5999 /* HTTPTask.swift in Sources */,
				3E3DEB572C3117F600CA5999 /* APIClient.swift in Sources */,
				3E3DEB592C3117F600CA5999 /* Response.swift in Sources */,
				3E3DEB5B2C3117F600CA5999 /* RequestType.swift in Sources */,
			);
			runOnlyForDeploymentPostprocessing = 0;
		};
		3E3DEB392C3117A400CA5999 /* Sources */ = {
			isa = PBXSourcesBuildPhase;
			buildActionMask = 2147483647;
			files = (
				3E3DEB432C3117A400CA5999 /* GBNetworkTests.swift in Sources */,
			);
			runOnlyForDeploymentPostprocessing = 0;
		};
/* End PBXSourcesBuildPhase section */

/* Begin PBXTargetDependency section */
		3E3DEB402C3117A400CA5999 /* PBXTargetDependency */ = {
			isa = PBXTargetDependency;
			target = 3E3DEB322C3117A300CA5999 /* GBNetwork */;
			targetProxy = 3E3DEB3F2C3117A400CA5999 /* PBXContainerItemProxy */;
		};
/* End PBXTargetDependency section */

/* Begin XCBuildConfiguration section */
		3E3DEB452C3117A400CA5999 /* Debug */ = {
			isa = XCBuildConfiguration;
			buildSettings = {
				ALWAYS_SEARCH_USER_PATHS = NO;
				ASSETCATALOG_COMPILER_GENERATE_SWIFT_ASSET_SYMBOL_EXTENSIONS = YES;
				CLANG_ANALYZER_NONNULL = YES;
				CLANG_ANALYZER_NUMBER_OBJECT_CONVERSION = YES_AGGRESSIVE;
				CLANG_CXX_LANGUAGE_STANDARD = "gnu++20";
				CLANG_ENABLE_MODULES = YES;
				CLANG_ENABLE_OBJC_ARC = YES;
				CLANG_ENABLE_OBJC_WEAK = YES;
				CLANG_WARN_BLOCK_CAPTURE_AUTORELEASING = YES;
				CLANG_WARN_BOOL_CONVERSION = YES;
				CLANG_WARN_COMMA = YES;
				CLANG_WARN_CONSTANT_CONVERSION = YES;
				CLANG_WARN_DEPRECATED_OBJC_IMPLEMENTATIONS = YES;
				CLANG_WARN_DIRECT_OBJC_ISA_USAGE = YES_ERROR;
				CLANG_WARN_DOCUMENTATION_COMMENTS = YES;
				CLANG_WARN_EMPTY_BODY = YES;
				CLANG_WARN_ENUM_CONVERSION = YES;
				CLANG_WARN_INFINITE_RECURSION = YES;
				CLANG_WARN_INT_CONVERSION = YES;
				CLANG_WARN_NON_LITERAL_NULL_CONVERSION = YES;
				CLANG_WARN_OBJC_IMPLICIT_RETAIN_SELF = YES;
				CLANG_WARN_OBJC_LITERAL_CONVERSION = YES;
				CLANG_WARN_OBJC_ROOT_CLASS = YES_ERROR;
				CLANG_WARN_QUOTED_INCLUDE_IN_FRAMEWORK_HEADER = YES;
				CLANG_WARN_RANGE_LOOP_ANALYSIS = YES;
				CLANG_WARN_STRICT_PROTOTYPES = YES;
				CLANG_WARN_SUSPICIOUS_MOVE = YES;
				CLANG_WARN_UNGUARDED_AVAILABILITY = YES_AGGRESSIVE;
				CLANG_WARN_UNREACHABLE_CODE = YES;
				CLANG_WARN__DUPLICATE_METHOD_MATCH = YES;
				COPY_PHASE_STRIP = NO;
				CURRENT_PROJECT_VERSION = 1;
				DEBUG_INFORMATION_FORMAT = dwarf;
				ENABLE_STRICT_OBJC_MSGSEND = YES;
				ENABLE_TESTABILITY = YES;
				ENABLE_USER_SCRIPT_SANDBOXING = YES;
				GCC_C_LANGUAGE_STANDARD = gnu17;
				GCC_DYNAMIC_NO_PIC = NO;
				GCC_NO_COMMON_BLOCKS = YES;
				GCC_OPTIMIZATION_LEVEL = 0;
				GCC_PREPROCESSOR_DEFINITIONS = (
					"DEBUG=1",
					"$(inherited)",
				);
				GCC_WARN_64_TO_32_BIT_CONVERSION = YES;
				GCC_WARN_ABOUT_RETURN_TYPE = YES_ERROR;
				GCC_WARN_UNDECLARED_SELECTOR = YES;
				GCC_WARN_UNINITIALIZED_AUTOS = YES_AGGRESSIVE;
				GCC_WARN_UNUSED_FUNCTION = YES;
				GCC_WARN_UNUSED_VARIABLE = YES;
				IPHONEOS_DEPLOYMENT_TARGET = 15.0;
				LOCALIZATION_PREFERS_STRING_CATALOGS = YES;
				MTL_ENABLE_DEBUG_INFO = INCLUDE_SOURCE;
				MTL_FAST_MATH = YES;
				ONLY_ACTIVE_ARCH = YES;
				SDKROOT = iphoneos;
				SWIFT_ACTIVE_COMPILATION_CONDITIONS = "DEBUG $(inherited)";
				SWIFT_OPTIMIZATION_LEVEL = "-Onone";
				VERSIONING_SYSTEM = "apple-generic";
				VERSION_INFO_PREFIX = "";
			};
			name = Debug;
		};
		3E3DEB462C3117A400CA5999 /* Release */ = {
			isa = XCBuildConfiguration;
			buildSettings = {
				ALWAYS_SEARCH_USER_PATHS = NO;
				ASSETCATALOG_COMPILER_GENERATE_SWIFT_ASSET_SYMBOL_EXTENSIONS = YES;
				CLANG_ANALYZER_NONNULL = YES;
				CLANG_ANALYZER_NUMBER_OBJECT_CONVERSION = YES_AGGRESSIVE;
				CLANG_CXX_LANGUAGE_STANDARD = "gnu++20";
				CLANG_ENABLE_MODULES = YES;
				CLANG_ENABLE_OBJC_ARC = YES;
				CLANG_ENABLE_OBJC_WEAK = YES;
				CLANG_WARN_BLOCK_CAPTURE_AUTORELEASING = YES;
				CLANG_WARN_BOOL_CONVERSION = YES;
				CLANG_WARN_COMMA = YES;
				CLANG_WARN_CONSTANT_CONVERSION = YES;
				CLANG_WARN_DEPRECATED_OBJC_IMPLEMENTATIONS = YES;
				CLANG_WARN_DIRECT_OBJC_ISA_USAGE = YES_ERROR;
				CLANG_WARN_DOCUMENTATION_COMMENTS = YES;
				CLANG_WARN_EMPTY_BODY = YES;
				CLANG_WARN_ENUM_CONVERSION = YES;
				CLANG_WARN_INFINITE_RECURSION = YES;
				CLANG_WARN_INT_CONVERSION = YES;
				CLANG_WARN_NON_LITERAL_NULL_CONVERSION = YES;
				CLANG_WARN_OBJC_IMPLICIT_RETAIN_SELF = YES;
				CLANG_WARN_OBJC_LITERAL_CONVERSION = YES;
				CLANG_WARN_OBJC_ROOT_CLASS = YES_ERROR;
				CLANG_WARN_QUOTED_INCLUDE_IN_FRAMEWORK_HEADER = YES;
				CLANG_WARN_RANGE_LOOP_ANALYSIS = YES;
				CLANG_WARN_STRICT_PROTOTYPES = YES;
				CLANG_WARN_SUSPICIOUS_MOVE = YES;
				CLANG_WARN_UNGUARDED_AVAILABILITY = YES_AGGRESSIVE;
				CLANG_WARN_UNREACHABLE_CODE = YES;
				CLANG_WARN__DUPLICATE_METHOD_MATCH = YES;
				COPY_PHASE_STRIP = NO;
				CURRENT_PROJECT_VERSION = 1;
				DEBUG_INFORMATION_FORMAT = "dwarf-with-dsym";
				ENABLE_NS_ASSERTIONS = NO;
				ENABLE_STRICT_OBJC_MSGSEND = YES;
				ENABLE_USER_SCRIPT_SANDBOXING = YES;
				GCC_C_LANGUAGE_STANDARD = gnu17;
				GCC_NO_COMMON_BLOCKS = YES;
				GCC_WARN_64_TO_32_BIT_CONVERSION = YES;
				GCC_WARN_ABOUT_RETURN_TYPE = YES_ERROR;
				GCC_WARN_UNDECLARED_SELECTOR = YES;
				GCC_WARN_UNINITIALIZED_AUTOS = YES_AGGRESSIVE;
				GCC_WARN_UNUSED_FUNCTION = YES;
				GCC_WARN_UNUSED_VARIABLE = YES;
				IPHONEOS_DEPLOYMENT_TARGET = 15.0;
				LOCALIZATION_PREFERS_STRING_CATALOGS = YES;
				MTL_ENABLE_DEBUG_INFO = NO;
				MTL_FAST_MATH = YES;
				SDKROOT = iphoneos;
				SWIFT_COMPILATION_MODE = wholemodule;
				VALIDATE_PRODUCT = YES;
				VERSIONING_SYSTEM = "apple-generic";
				VERSION_INFO_PREFIX = "";
			};
			name = Release;
		};
		3E3DEB482C3117A400CA5999 /* Debug */ = {
			isa = XCBuildConfiguration;
			buildSettings = {
				BUILD_LIBRARY_FOR_DISTRIBUTION = YES;
				CODE_SIGN_STYLE = Automatic;
				CURRENT_PROJECT_VERSION = 1;
				DEFINES_MODULE = YES;
				DEVELOPMENT_TEAM = S9G6YGQ76H;
				DYLIB_COMPATIBILITY_VERSION = 1;
				DYLIB_CURRENT_VERSION = 1;
				DYLIB_INSTALL_NAME_BASE = "@rpath";
				ENABLE_MODULE_VERIFIER = YES;
				GENERATE_INFOPLIST_FILE = YES;
				INFOPLIST_KEY_NSHumanReadableCopyright = "";
				INSTALL_PATH = "$(LOCAL_LIBRARY_DIR)/Frameworks";
				LD_RUNPATH_SEARCH_PATHS = (
					"$(inherited)",
					"@executable_path/Frameworks",
					"@loader_path/Frameworks",
				);
				MARKETING_VERSION = 1.0;
				MODULE_VERIFIER_SUPPORTED_LANGUAGES = "objective-c objective-c++";
				MODULE_VERIFIER_SUPPORTED_LANGUAGE_STANDARDS = "gnu17 gnu++20";
				PRODUCT_BUNDLE_IDENTIFIER = "com-id.GBNetwork";
				PRODUCT_NAME = "$(TARGET_NAME:c99extidentifier)";
				SKIP_INSTALL = YES;
				SWIFT_EMIT_LOC_STRINGS = YES;
				SWIFT_INSTALL_OBJC_HEADER = NO;
				SWIFT_VERSION = 5.0;
				TARGETED_DEVICE_FAMILY = "1,2";
			};
			name = Debug;
		};
		3E3DEB492C3117A400CA5999 /* Release */ = {
			isa = XCBuildConfiguration;
			buildSettings = {
				BUILD_LIBRARY_FOR_DISTRIBUTION = YES;
				CODE_SIGN_STYLE = Automatic;
				CURRENT_PROJECT_VERSION = 1;
				DEFINES_MODULE = YES;
				DEVELOPMENT_TEAM = S9G6YGQ76H;
				DYLIB_COMPATIBILITY_VERSION = 1;
				DYLIB_CURRENT_VERSION = 1;
				DYLIB_INSTALL_NAME_BASE = "@rpath";
				ENABLE_MODULE_VERIFIER = YES;
				GENERATE_INFOPLIST_FILE = YES;
				INFOPLIST_KEY_NSHumanReadableCopyright = "";
				INSTALL_PATH = "$(LOCAL_LIBRARY_DIR)/Frameworks";
				LD_RUNPATH_SEARCH_PATHS = (
					"$(inherited)",
					"@executable_path/Frameworks",
					"@loader_path/Frameworks",
				);
				MARKETING_VERSION = 1.0;
				MODULE_VERIFIER_SUPPORTED_LANGUAGES = "objective-c objective-c++";
				MODULE_VERIFIER_SUPPORTED_LANGUAGE_STANDARDS = "gnu17 gnu++20";
				PRODUCT_BUNDLE_IDENTIFIER = "com-id.GBNetwork";
				PRODUCT_NAME = "$(TARGET_NAME:c99extidentifier)";
				SKIP_INSTALL = YES;
				SWIFT_EMIT_LOC_STRINGS = YES;
				SWIFT_INSTALL_OBJC_HEADER = NO;
				SWIFT_VERSION = 5.0;
				TARGETED_DEVICE_FAMILY = "1,2";
			};
			name = Release;
		};
		3E3DEB4B2C3117A400CA5999 /* Debug */ = {
			isa = XCBuildConfiguration;
			buildSettings = {
				ALWAYS_EMBED_SWIFT_STANDARD_LIBRARIES = YES;
				CODE_SIGN_STYLE = Automatic;
				CURRENT_PROJECT_VERSION = 1;
				DEVELOPMENT_TEAM = S9G6YGQ76H;
				GENERATE_INFOPLIST_FILE = YES;
				MARKETING_VERSION = 1.0;
				PRODUCT_BUNDLE_IDENTIFIER = "com-id.GBNetworkTests";
				PRODUCT_NAME = "$(TARGET_NAME)";
				SWIFT_EMIT_LOC_STRINGS = NO;
				SWIFT_VERSION = 5.0;
				TARGETED_DEVICE_FAMILY = "1,2";
			};
			name = Debug;
		};
		3E3DEB4C2C3117A400CA5999 /* Release */ = {
			isa = XCBuildConfiguration;
			buildSettings = {
				ALWAYS_EMBED_SWIFT_STANDARD_LIBRARIES = YES;
				CODE_SIGN_STYLE = Automatic;
				CURRENT_PROJECT_VERSION = 1;
				DEVELOPMENT_TEAM = S9G6YGQ76H;
				GENERATE_INFOPLIST_FILE = YES;
				MARKETING_VERSION = 1.0;
				PRODUCT_BUNDLE_IDENTIFIER = "com-id.GBNetworkTests";
				PRODUCT_NAME = "$(TARGET_NAME)";
				SWIFT_EMIT_LOC_STRINGS = NO;
				SWIFT_VERSION = 5.0;
				TARGETED_DEVICE_FAMILY = "1,2";
			};
			name = Release;
		};
/* End XCBuildConfiguration section */

/* Begin XCConfigurationList section */
		3E3DEB2D2C3117A300CA5999 /* Build configuration list for PBXProject "GBNetwork" */ = {
			isa = XCConfigurationList;
			buildConfigurations = (
				3E3DEB452C3117A400CA5999 /* Debug */,
				3E3DEB462C3117A400CA5999 /* Release */,
			);
			defaultConfigurationIsVisible = 0;
			defaultConfigurationName = Release;
		};
		3E3DEB472C3117A400CA5999 /* Build configuration list for PBXNativeTarget "GBNetwork" */ = {
			isa = XCConfigurationList;
			buildConfigurations = (
				3E3DEB482C3117A400CA5999 /* Debug */,
				3E3DEB492C3117A400CA5999 /* Release */,
			);
			defaultConfigurationIsVisible = 0;
			defaultConfigurationName = Release;
		};
		3E3DEB4A2C3117A400CA5999 /* Build configuration list for PBXNativeTarget "GBNetworkTests" */ = {
			isa = XCConfigurationList;
			buildConfigurations = (
				3E3DEB4B2C3117A400CA5999 /* Debug */,
				3E3DEB4C2C3117A400CA5999 /* Release */,
			);
			defaultConfigurationIsVisible = 0;
			defaultConfigurationName = Release;
		};
/* End XCConfigurationList section */
	};
	rootObject = 3E3DEB2A2C3117A300CA5999 /* Project object */;
}
