// !$*UTF8*$!
{
	archiveVersion = 1;
	classes = {
	};
	objectVersion = 56;
	objects = {

/* Begin PBXBuildFile section */
		090556202A51DB2C00752067 /* UIImage+.swift in Sources */ = {isa = PBXBuildFile; fileRef = 0905561F2A51DB2C00752067 /* UIImage+.swift */; };
		090556222A51DB3300752067 /* UIFont+.swift in Sources */ = {isa = PBXBuildFile; fileRef = 090556212A51DB3300752067 /* UIFont+.swift */; };
		090556252A51DB9600752067 /* UICollectionView.swift in Sources */ = {isa = PBXBuildFile; fileRef = 090556242A51DB9600752067 /* UICollectionView.swift */; };
		090556272A51DBB100752067 /* NSObject+.swift in Sources */ = {isa = PBXBuildFile; fileRef = 090556262A51DBB100752067 /* NSObject+.swift */; };
		090556292A51DBC000752067 /* UIView.swift in Sources */ = {isa = PBXBuildFile; fileRef = 090556282A51DBC000752067 /* UIView.swift */; };
		0905562B2A51DBCE00752067 /* UIStackView+.swift in Sources */ = {isa = PBXBuildFile; fileRef = 0905562A2A51DBCE00752067 /* UIStackView+.swift */; };
		0905562D2A51DBE700752067 /* UILabel+.swift in Sources */ = {isa = PBXBuildFile; fileRef = 0905562C2A51DBE700752067 /* UILabel+.swift */; };
		090556312A51DDD800752067 /* UITableView.swift in Sources */ = {isa = PBXBuildFile; fileRef = 090556302A51DDD800752067 /* UITableView.swift */; };
		090556382A51E16B00752067 /* Then in Frameworks */ = {isa = PBXBuildFile; productRef = 090556372A51E16B00752067 /* Then */; };
		0905563B2A51E17800752067 /* SnapKit in Frameworks */ = {isa = PBXBuildFile; productRef = 0905563A2A51E17800752067 /* SnapKit */; };
		0905563E2A51E2C700752067 /* FirebaseAnalytics in Frameworks */ = {isa = PBXBuildFile; productRef = 0905563D2A51E2C700752067 /* FirebaseAnalytics */; };
		090556402A51E2C700752067 /* FirebaseCrashlytics in Frameworks */ = {isa = PBXBuildFile; productRef = 0905563F2A51E2C700752067 /* FirebaseCrashlytics */; };
		090556432A51E6FC00752067 /* Moya in Frameworks */ = {isa = PBXBuildFile; productRef = 090556422A51E6FC00752067 /* Moya */; };
		090556452A51E79B00752067 /* UITextField+.swift in Sources */ = {isa = PBXBuildFile; fileRef = 090556442A51E79B00752067 /* UITextField+.swift */; };
		090556472A51E7D900752067 /* UITextView+.swift in Sources */ = {isa = PBXBuildFile; fileRef = 090556462A51E7D900752067 /* UITextView+.swift */; };
		090556492A51E7EC00752067 /* UIScreen+.swift in Sources */ = {isa = PBXBuildFile; fileRef = 090556482A51E7EC00752067 /* UIScreen+.swift */; };
		0905564B2A51E81D00752067 /* UIViewController+.swift in Sources */ = {isa = PBXBuildFile; fileRef = 0905564A2A51E81D00752067 /* UIViewController+.swift */; };
		090668F82A4FF1D900F413FA /* .swiftlint.yml in Resources */ = {isa = PBXBuildFile; fileRef = 090668F72A4FF1D900F413FA /* .swiftlint.yml */; };
		090668FC2A4FF3C600F413FA /* AppDelegate.swift in Sources */ = {isa = PBXBuildFile; fileRef = 098F32E02A4200FD0092D09A /* AppDelegate.swift */; };
		090668FD2A4FF3C600F413FA /* SceneDelegate.swift in Sources */ = {isa = PBXBuildFile; fileRef = 098F32E22A4200FD0092D09A /* SceneDelegate.swift */; };
		090668FE2A4FF3C600F413FA /* ViewController.swift in Sources */ = {isa = PBXBuildFile; fileRef = 098F32E42A4200FD0092D09A /* ViewController.swift */; };
		0961C3642A501EBF0031A822 /* Strings.swift in Sources */ = {isa = PBXBuildFile; fileRef = 0961C3632A501EBF0031A822 /* Strings.swift */; };
		098F32EA2A4200FE0092D09A /* Assets.xcassets in Resources */ = {isa = PBXBuildFile; fileRef = 098F32E92A4200FE0092D09A /* Assets.xcassets */; };
		098F32ED2A4200FE0092D09A /* LaunchScreen.storyboard in Resources */ = {isa = PBXBuildFile; fileRef = 098F32EB2A4200FE0092D09A /* LaunchScreen.storyboard */; };
		099FC1C62A51F19300116D00 /* GoogleService-Info.plist in Resources */ = {isa = PBXBuildFile; fileRef = 099FC1C52A51F19300116D00 /* GoogleService-Info.plist */; };
		09B13F482A5931DC00C0C723 /* TabBarController.swift in Sources */ = {isa = PBXBuildFile; fileRef = 09B13F472A5931DC00C0C723 /* TabBarController.swift */; };
		09B13F4C2A593C6F00C0C723 /* HomeViewController.swift in Sources */ = {isa = PBXBuildFile; fileRef = 09B13F4B2A593C6F00C0C723 /* HomeViewController.swift */; };
		09B13F502A593CB800C0C723 /* BakeryListViewController.swift in Sources */ = {isa = PBXBuildFile; fileRef = 09B13F4F2A593CB800C0C723 /* BakeryListViewController.swift */; };
		09B13F542A593CD300C0C723 /* MyPageViewController.swift in Sources */ = {isa = PBXBuildFile; fileRef = 09B13F532A593CD300C0C723 /* MyPageViewController.swift */; };
		09B13F562A59410C00C0C723 /* CALayer+.swift in Sources */ = {isa = PBXBuildFile; fileRef = 09B13F552A59410C00C0C723 /* CALayer+.swift */; };
		09B13F582A59433500C0C723 /* TabBarItem.swift in Sources */ = {isa = PBXBuildFile; fileRef = 09B13F572A59433500C0C723 /* TabBarItem.swift */; };
		09B13F5A2A5946B700C0C723 /* TabBar+.swift in Sources */ = {isa = PBXBuildFile; fileRef = 09B13F592A5946B700C0C723 /* TabBar+.swift */; };
		09B71BFE2A59D4AD00076AC2 /* HomeTopViewController.swift in Sources */ = {isa = PBXBuildFile; fileRef = 09B71BFD2A59D4AD00076AC2 /* HomeTopViewController.swift */; };
		09B71C002A59D50900076AC2 /* HomeTopView.swift in Sources */ = {isa = PBXBuildFile; fileRef = 09B71BFF2A59D50900076AC2 /* HomeTopView.swift */; };
		09B71C022A59D99200076AC2 /* SearchTextField.swift in Sources */ = {isa = PBXBuildFile; fileRef = 09B71C012A59D99200076AC2 /* SearchTextField.swift */; };
		09CA3EFC2A569E4A0063897A /* URLConstant.swift in Sources */ = {isa = PBXBuildFile; fileRef = 09CA3EFB2A569E4A0063897A /* URLConstant.swift */; };
		09CA3F062A569EB30063897A /* API.swift in Sources */ = {isa = PBXBuildFile; fileRef = 09CA3F052A569EB30063897A /* API.swift */; };
		09CA3F082A569EBA0063897A /* Service.swift in Sources */ = {isa = PBXBuildFile; fileRef = 09CA3F072A569EBA0063897A /* Service.swift */; };
		09CA3F0A2A569EC50063897A /* Enum.swift in Sources */ = {isa = PBXBuildFile; fileRef = 09CA3F092A569EC50063897A /* Enum.swift */; };
		3EA2E1E32A53E88B003516A3 /* BaseViewController.swift in Sources */ = {isa = PBXBuildFile; fileRef = 3EA2E1E22A53E88B003516A3 /* BaseViewController.swift */; };
		DF959A612A539FBE00E75774 /* Pretendard-Bold.otf in Resources */ = {isa = PBXBuildFile; fileRef = DF959A5F2A539FBE00E75774 /* Pretendard-Bold.otf */; };
		DF959A622A539FBE00E75774 /* Pretendard-Medium.otf in Resources */ = {isa = PBXBuildFile; fileRef = DF959A602A539FBE00E75774 /* Pretendard-Medium.otf */; };
		DF959A6C2A568C4600E75774 /* Colors.xcassets in Resources */ = {isa = PBXBuildFile; fileRef = DF959A6B2A568C4600E75774 /* Colors.xcassets */; };
		DF959A6E2A568C9400E75774 /* UIColor+.swift in Sources */ = {isa = PBXBuildFile; fileRef = DF959A6D2A568C9400E75774 /* UIColor+.swift */; };
/* End PBXBuildFile section */

/* Begin PBXFileReference section */
		0905561F2A51DB2C00752067 /* UIImage+.swift */ = {isa = PBXFileReference; lastKnownFileType = sourcecode.swift; path = "UIImage+.swift"; sourceTree = "<group>"; };
		090556212A51DB3300752067 /* UIFont+.swift */ = {isa = PBXFileReference; lastKnownFileType = sourcecode.swift; path = "UIFont+.swift"; sourceTree = "<group>"; };
		090556242A51DB9600752067 /* UICollectionView.swift */ = {isa = PBXFileReference; lastKnownFileType = sourcecode.swift; path = UICollectionView.swift; sourceTree = "<group>"; };
		090556262A51DBB100752067 /* NSObject+.swift */ = {isa = PBXFileReference; lastKnownFileType = sourcecode.swift; path = "NSObject+.swift"; sourceTree = "<group>"; };
		090556282A51DBC000752067 /* UIView.swift */ = {isa = PBXFileReference; lastKnownFileType = sourcecode.swift; path = UIView.swift; sourceTree = "<group>"; };
		0905562A2A51DBCE00752067 /* UIStackView+.swift */ = {isa = PBXFileReference; lastKnownFileType = sourcecode.swift; path = "UIStackView+.swift"; sourceTree = "<group>"; };
		0905562C2A51DBE700752067 /* UILabel+.swift */ = {isa = PBXFileReference; lastKnownFileType = sourcecode.swift; path = "UILabel+.swift"; sourceTree = "<group>"; };
		090556302A51DDD800752067 /* UITableView.swift */ = {isa = PBXFileReference; lastKnownFileType = sourcecode.swift; path = UITableView.swift; sourceTree = "<group>"; };
		090556442A51E79B00752067 /* UITextField+.swift */ = {isa = PBXFileReference; lastKnownFileType = sourcecode.swift; path = "UITextField+.swift"; sourceTree = "<group>"; };
		090556462A51E7D900752067 /* UITextView+.swift */ = {isa = PBXFileReference; lastKnownFileType = sourcecode.swift; path = "UITextView+.swift"; sourceTree = "<group>"; };
		090556482A51E7EC00752067 /* UIScreen+.swift */ = {isa = PBXFileReference; lastKnownFileType = sourcecode.swift; path = "UIScreen+.swift"; sourceTree = "<group>"; };
		0905564A2A51E81D00752067 /* UIViewController+.swift */ = {isa = PBXFileReference; lastKnownFileType = sourcecode.swift; path = "UIViewController+.swift"; sourceTree = "<group>"; };
		090668F72A4FF1D900F413FA /* .swiftlint.yml */ = {isa = PBXFileReference; lastKnownFileType = text.yaml; path = .swiftlint.yml; sourceTree = "<group>"; };
		0961C3632A501EBF0031A822 /* Strings.swift */ = {isa = PBXFileReference; lastKnownFileType = sourcecode.swift; path = Strings.swift; sourceTree = "<group>"; };
		098F32DD2A4200FD0092D09A /* GEON-PPANG-iOS.app */ = {isa = PBXFileReference; explicitFileType = wrapper.application; includeInIndex = 0; path = "GEON-PPANG-iOS.app"; sourceTree = BUILT_PRODUCTS_DIR; };
		098F32E02A4200FD0092D09A /* AppDelegate.swift */ = {isa = PBXFileReference; lastKnownFileType = sourcecode.swift; path = AppDelegate.swift; sourceTree = "<group>"; };
		098F32E22A4200FD0092D09A /* SceneDelegate.swift */ = {isa = PBXFileReference; lastKnownFileType = sourcecode.swift; path = SceneDelegate.swift; sourceTree = "<group>"; };
		098F32E42A4200FD0092D09A /* ViewController.swift */ = {isa = PBXFileReference; lastKnownFileType = sourcecode.swift; path = ViewController.swift; sourceTree = "<group>"; };
		098F32E92A4200FE0092D09A /* Assets.xcassets */ = {isa = PBXFileReference; lastKnownFileType = folder.assetcatalog; path = Assets.xcassets; sourceTree = "<group>"; };
		098F32EC2A4200FE0092D09A /* Base */ = {isa = PBXFileReference; lastKnownFileType = file.storyboard; name = Base; path = Base.lproj/LaunchScreen.storyboard; sourceTree = "<group>"; };
		098F32EE2A4200FE0092D09A /* Info.plist */ = {isa = PBXFileReference; lastKnownFileType = text.plist.xml; path = Info.plist; sourceTree = "<group>"; };
		099FC1C52A51F19300116D00 /* GoogleService-Info.plist */ = {isa = PBXFileReference; fileEncoding = 4; lastKnownFileType = text.plist.xml; path = "GoogleService-Info.plist"; sourceTree = "<group>"; };
		09B13F472A5931DC00C0C723 /* TabBarController.swift */ = {isa = PBXFileReference; lastKnownFileType = sourcecode.swift; path = TabBarController.swift; sourceTree = "<group>"; };
		09B13F4B2A593C6F00C0C723 /* HomeViewController.swift */ = {isa = PBXFileReference; lastKnownFileType = sourcecode.swift; path = HomeViewController.swift; sourceTree = "<group>"; };
		09B13F4F2A593CB800C0C723 /* BakeryListViewController.swift */ = {isa = PBXFileReference; lastKnownFileType = sourcecode.swift; path = BakeryListViewController.swift; sourceTree = "<group>"; };
		09B13F532A593CD300C0C723 /* MyPageViewController.swift */ = {isa = PBXFileReference; lastKnownFileType = sourcecode.swift; path = MyPageViewController.swift; sourceTree = "<group>"; };
		09B13F552A59410C00C0C723 /* CALayer+.swift */ = {isa = PBXFileReference; lastKnownFileType = sourcecode.swift; path = "CALayer+.swift"; sourceTree = "<group>"; };
		09B13F572A59433500C0C723 /* TabBarItem.swift */ = {isa = PBXFileReference; lastKnownFileType = sourcecode.swift; path = TabBarItem.swift; sourceTree = "<group>"; };
		09B13F592A5946B700C0C723 /* TabBar+.swift */ = {isa = PBXFileReference; lastKnownFileType = sourcecode.swift; path = "TabBar+.swift"; sourceTree = "<group>"; };
		09B71BFD2A59D4AD00076AC2 /* HomeTopViewController.swift */ = {isa = PBXFileReference; lastKnownFileType = sourcecode.swift; path = HomeTopViewController.swift; sourceTree = "<group>"; };
		09B71BFF2A59D50900076AC2 /* HomeTopView.swift */ = {isa = PBXFileReference; lastKnownFileType = sourcecode.swift; path = HomeTopView.swift; sourceTree = "<group>"; };
		09B71C012A59D99200076AC2 /* SearchTextField.swift */ = {isa = PBXFileReference; lastKnownFileType = sourcecode.swift; path = SearchTextField.swift; sourceTree = "<group>"; };
		09CA3EFB2A569E4A0063897A /* URLConstant.swift */ = {isa = PBXFileReference; lastKnownFileType = sourcecode.swift; path = URLConstant.swift; sourceTree = "<group>"; };
		09CA3F052A569EB30063897A /* API.swift */ = {isa = PBXFileReference; lastKnownFileType = sourcecode.swift; path = API.swift; sourceTree = "<group>"; };
		09CA3F072A569EBA0063897A /* Service.swift */ = {isa = PBXFileReference; lastKnownFileType = sourcecode.swift; path = Service.swift; sourceTree = "<group>"; };
		09CA3F092A569EC50063897A /* Enum.swift */ = {isa = PBXFileReference; lastKnownFileType = sourcecode.swift; path = Enum.swift; sourceTree = "<group>"; };
		3EA2E1E22A53E88B003516A3 /* BaseViewController.swift */ = {isa = PBXFileReference; lastKnownFileType = sourcecode.swift; path = BaseViewController.swift; sourceTree = "<group>"; };
		DF959A5F2A539FBE00E75774 /* Pretendard-Bold.otf */ = {isa = PBXFileReference; lastKnownFileType = file; path = "Pretendard-Bold.otf"; sourceTree = "<group>"; };
		DF959A602A539FBE00E75774 /* Pretendard-Medium.otf */ = {isa = PBXFileReference; lastKnownFileType = file; path = "Pretendard-Medium.otf"; sourceTree = "<group>"; };
		DF959A6B2A568C4600E75774 /* Colors.xcassets */ = {isa = PBXFileReference; lastKnownFileType = folder.assetcatalog; path = Colors.xcassets; sourceTree = "<group>"; };
		DF959A6D2A568C9400E75774 /* UIColor+.swift */ = {isa = PBXFileReference; lastKnownFileType = sourcecode.swift; path = "UIColor+.swift"; sourceTree = "<group>"; };
/* End PBXFileReference section */

/* Begin PBXFrameworksBuildPhase section */
		098F32DA2A4200FD0092D09A /* Frameworks */ = {
			isa = PBXFrameworksBuildPhase;
			buildActionMask = 2147483647;
			files = (
				090556382A51E16B00752067 /* Then in Frameworks */,
				090556402A51E2C700752067 /* FirebaseCrashlytics in Frameworks */,
				0905563B2A51E17800752067 /* SnapKit in Frameworks */,
				090556432A51E6FC00752067 /* Moya in Frameworks */,
				0905563E2A51E2C700752067 /* FirebaseAnalytics in Frameworks */,
			);
			runOnlyForDeploymentPostprocessing = 0;
		};
/* End PBXFrameworksBuildPhase section */

/* Begin PBXGroup section */
		0905561C2A51DAF900752067 /* Design */ = {
			isa = PBXGroup;
			children = (
				DF959A6D2A568C9400E75774 /* UIColor+.swift */,
				090556212A51DB3300752067 /* UIFont+.swift */,
				0905561F2A51DB2C00752067 /* UIImage+.swift */,
			);
			path = Design;
			sourceTree = "<group>";
		};
		090556232A51DB7A00752067 /* UI */ = {
			isa = PBXGroup;
			children = (
				090556242A51DB9600752067 /* UICollectionView.swift */,
				090556302A51DDD800752067 /* UITableView.swift */,
				090556442A51E79B00752067 /* UITextField+.swift */,
				090556462A51E7D900752067 /* UITextView+.swift */,
				090556482A51E7EC00752067 /* UIScreen+.swift */,
				0905564A2A51E81D00752067 /* UIViewController+.swift */,
				090556262A51DBB100752067 /* NSObject+.swift */,
				090556282A51DBC000752067 /* UIView.swift */,
				0905562A2A51DBCE00752067 /* UIStackView+.swift */,
				0905562C2A51DBE700752067 /* UILabel+.swift */,
				09B13F552A59410C00C0C723 /* CALayer+.swift */,
				09B13F592A5946B700C0C723 /* TabBar+.swift */,
			);
			path = UI;
			sourceTree = "<group>";
		};
		0961C35F2A501E110031A822 /* Application */ = {
			isa = PBXGroup;
			children = (
				098F32E02A4200FD0092D09A /* AppDelegate.swift */,
				098F32E22A4200FD0092D09A /* SceneDelegate.swift */,
			);
			path = Application;
			sourceTree = "<group>";
		};
		0961C3602A501E9F0031A822 /* Global */ = {
			isa = PBXGroup;
			children = (
				0961C3662A501EDD0031A822 /* Network */,
				0961C3652A501ED40031A822 /* Extensions */,
				0961C3622A501EB50031A822 /* Literals */,
				DF959A672A56851000E75774 /* Enum */,
			);
			path = Global;
			sourceTree = "<group>";
		};
		0961C3622A501EB50031A822 /* Literals */ = {
			isa = PBXGroup;
			children = (
				0961C3632A501EBF0031A822 /* Strings.swift */,
			);
			path = Literals;
			sourceTree = "<group>";
		};
		0961C3652A501ED40031A822 /* Extensions */ = {
			isa = PBXGroup;
			children = (
				090556232A51DB7A00752067 /* UI */,
				0905561C2A51DAF900752067 /* Design */,
			);
			path = Extensions;
			sourceTree = "<group>";
		};
		0961C3662A501EDD0031A822 /* Network */ = {
			isa = PBXGroup;
			children = (
				0961C3692A501EF00031A822 /* Base */,
				0961C3682A501EE90031A822 /* API */,
				0961C3672A501EE40031A822 /* Service */,
			);
			path = Network;
			sourceTree = "<group>";
		};
		0961C3672A501EE40031A822 /* Service */ = {
			isa = PBXGroup;
			children = (
				09CA3F072A569EBA0063897A /* Service.swift */,
			);
			path = Service;
			sourceTree = "<group>";
		};
		0961C3682A501EE90031A822 /* API */ = {
			isa = PBXGroup;
			children = (
				09CA3F052A569EB30063897A /* API.swift */,
			);
			path = API;
			sourceTree = "<group>";
		};
		0961C3692A501EF00031A822 /* Base */ = {
			isa = PBXGroup;
			children = (
				09CA3EFB2A569E4A0063897A /* URLConstant.swift */,
			);
			path = Base;
			sourceTree = "<group>";
		};
		0961C36A2A501EF60031A822 /* Presentation */ = {
			isa = PBXGroup;
			children = (
				09B13F492A593C5900C0C723 /* Home */,
				09B13F4D2A593C7600C0C723 /* BakeryList */,
				09B13F512A593CC200C0C723 /* MyPage */,
				3EA2E1E02A53E864003516A3 /* Common */,
				098F32E42A4200FD0092D09A /* ViewController.swift */,
				09B13F462A5931A300C0C723 /* Tabbar */,
				09B71BFD2A59D4AD00076AC2 /* HomeTopViewController.swift */,
				09B71BFF2A59D50900076AC2 /* HomeTopView.swift */,
			);
			path = Presentation;
			sourceTree = "<group>";
		};
		0961C36B2A501F050031A822 /* Resource */ = {
			isa = PBXGroup;
			children = (
				0961C36F2A501F4C0031A822 /* Storyboard */,
				DF959A6A2A568BAA00E75774 /* Colors */,
				0961C36D2A501F380031A822 /* Fonts */,
				0961C36C2A501F280031A822 /* Assets */,
				098F32EE2A4200FE0092D09A /* Info.plist */,
				099FC1C52A51F19300116D00 /* GoogleService-Info.plist */,
			);
			path = Resource;
			sourceTree = "<group>";
		};
		0961C36C2A501F280031A822 /* Assets */ = {
			isa = PBXGroup;
			children = (
				098F32E92A4200FE0092D09A /* Assets.xcassets */,
			);
			path = Assets;
			sourceTree = "<group>";
		};
		0961C36D2A501F380031A822 /* Fonts */ = {
			isa = PBXGroup;
			children = (
				DF959A5F2A539FBE00E75774 /* Pretendard-Bold.otf */,
				DF959A602A539FBE00E75774 /* Pretendard-Medium.otf */,
			);
			path = Fonts;
			sourceTree = "<group>";
		};
		0961C36F2A501F4C0031A822 /* Storyboard */ = {
			isa = PBXGroup;
			children = (
				098F32EB2A4200FE0092D09A /* LaunchScreen.storyboard */,
			);
			path = Storyboard;
			sourceTree = "<group>";
		};
		098F32D42A4200FD0092D09A = {
			isa = PBXGroup;
			children = (
				090668F72A4FF1D900F413FA /* .swiftlint.yml */,
				098F32DF2A4200FD0092D09A /* GEON-PPANG-iOS */,
				098F32DE2A4200FD0092D09A /* Products */,
			);
			sourceTree = "<group>";
		};
		098F32DE2A4200FD0092D09A /* Products */ = {
			isa = PBXGroup;
			children = (
				098F32DD2A4200FD0092D09A /* GEON-PPANG-iOS.app */,
			);
			name = Products;
			sourceTree = "<group>";
		};
		098F32DF2A4200FD0092D09A /* GEON-PPANG-iOS */ = {
			isa = PBXGroup;
			children = (
				0961C35F2A501E110031A822 /* Application */,
				0961C3602A501E9F0031A822 /* Global */,
				0961C36A2A501EF60031A822 /* Presentation */,
				0961C36B2A501F050031A822 /* Resource */,
			);
			path = "GEON-PPANG-iOS";
			sourceTree = "<group>";
		};
		09B13F462A5931A300C0C723 /* Tabbar */ = {
			isa = PBXGroup;
			children = (
				09B13F472A5931DC00C0C723 /* TabBarController.swift */,
				09B13F572A59433500C0C723 /* TabBarItem.swift */,
			);
			path = Tabbar;
			sourceTree = "<group>";
		};
		09B13F492A593C5900C0C723 /* Home */ = {
			isa = PBXGroup;
			children = (
				09B13F4A2A593C6300C0C723 /* ViewControllers */,
			);
			path = Home;
			sourceTree = "<group>";
		};
		09B13F4A2A593C6300C0C723 /* ViewControllers */ = {
			isa = PBXGroup;
			children = (
				09B13F4B2A593C6F00C0C723 /* HomeViewController.swift */,
			);
			path = ViewControllers;
			sourceTree = "<group>";
		};
		09B13F4D2A593C7600C0C723 /* BakeryList */ = {
			isa = PBXGroup;
			children = (
				09B13F4E2A593CAE00C0C723 /* ViewControllers */,
			);
			path = BakeryList;
			sourceTree = "<group>";
		};
		09B13F4E2A593CAE00C0C723 /* ViewControllers */ = {
			isa = PBXGroup;
			children = (
				09B13F4F2A593CB800C0C723 /* BakeryListViewController.swift */,
			);
			path = ViewControllers;
			sourceTree = "<group>";
		};
		09B13F512A593CC200C0C723 /* MyPage */ = {
			isa = PBXGroup;
			children = (
				09B13F522A593CC800C0C723 /* ViewControllers */,
			);
			path = MyPage;
			sourceTree = "<group>";
		};
		09B13F522A593CC800C0C723 /* ViewControllers */ = {
			isa = PBXGroup;
			children = (
				09B13F532A593CD300C0C723 /* MyPageViewController.swift */,
			);
			path = ViewControllers;
			sourceTree = "<group>";
		};
		3EA2E1E02A53E864003516A3 /* Common */ = {
			isa = PBXGroup;
			children = (
				3EA2E1E12A53E880003516A3 /* Base */,
				09B71C012A59D99200076AC2 /* SearchTextField.swift */,
			);
			path = Common;
			sourceTree = "<group>";
		};
		3EA2E1E12A53E880003516A3 /* Base */ = {
			isa = PBXGroup;
			children = (
				3EA2E1E22A53E88B003516A3 /* BaseViewController.swift */,
			);
			path = Base;
			sourceTree = "<group>";
		};
		DF959A672A56851000E75774 /* Enum */ = {
			isa = PBXGroup;
			children = (
				09CA3F092A569EC50063897A /* Enum.swift */,
			);
			path = Enum;
			sourceTree = "<group>";
		};
		DF959A6A2A568BAA00E75774 /* Colors */ = {
			isa = PBXGroup;
			children = (
				DF959A6B2A568C4600E75774 /* Colors.xcassets */,
			);
			path = Colors;
			sourceTree = "<group>";
		};
/* End PBXGroup section */

/* Begin PBXNativeTarget section */
		098F32DC2A4200FD0092D09A /* GEON-PPANG-iOS */ = {
			isa = PBXNativeTarget;
			buildConfigurationList = 098F32F12A4200FE0092D09A /* Build configuration list for PBXNativeTarget "GEON-PPANG-iOS" */;
			buildPhases = (
				0983A5E22A4FF10900E19981 /* SwiftLint Script */,
				098F32D92A4200FD0092D09A /* Sources */,
				098F32DA2A4200FD0092D09A /* Frameworks */,
				098F32DB2A4200FD0092D09A /* Resources */,
				099FC1C92A51F23B00116D00 /* Firebase Crashlytics */,
			);
			buildRules = (
			);
			dependencies = (
			);
			name = "GEON-PPANG-iOS";
			packageProductDependencies = (
				090556372A51E16B00752067 /* Then */,
				0905563A2A51E17800752067 /* SnapKit */,
				0905563D2A51E2C700752067 /* FirebaseAnalytics */,
				0905563F2A51E2C700752067 /* FirebaseCrashlytics */,
				090556422A51E6FC00752067 /* Moya */,
			);
			productName = "GEON-PPANG-iOS";
			productReference = 098F32DD2A4200FD0092D09A /* GEON-PPANG-iOS.app */;
			productType = "com.apple.product-type.application";
		};
/* End PBXNativeTarget section */

/* Begin PBXProject section */
		098F32D52A4200FD0092D09A /* Project object */ = {
			isa = PBXProject;
			attributes = {
				BuildIndependentTargetsInParallel = 1;
				LastSwiftUpdateCheck = 1420;
				LastUpgradeCheck = 1420;
				TargetAttributes = {
					098F32DC2A4200FD0092D09A = {
						CreatedOnToolsVersion = 14.2;
					};
				};
			};
			buildConfigurationList = 098F32D82A4200FD0092D09A /* Build configuration list for PBXProject "GEON-PPANG-iOS" */;
			compatibilityVersion = "Xcode 14.0";
			developmentRegion = en;
			hasScannedForEncodings = 0;
			knownRegions = (
				en,
				Base,
			);
			mainGroup = 098F32D42A4200FD0092D09A;
			packageReferences = (
				090556362A51E16B00752067 /* XCRemoteSwiftPackageReference "Then" */,
				090556392A51E17800752067 /* XCRemoteSwiftPackageReference "SnapKit" */,
				0905563C2A51E2C700752067 /* XCRemoteSwiftPackageReference "firebase-ios-sdk" */,
				090556412A51E6FC00752067 /* XCRemoteSwiftPackageReference "Moya" */,
			);
			productRefGroup = 098F32DE2A4200FD0092D09A /* Products */;
			projectDirPath = "";
			projectRoot = "";
			targets = (
				098F32DC2A4200FD0092D09A /* GEON-PPANG-iOS */,
			);
		};
/* End PBXProject section */

/* Begin PBXResourcesBuildPhase section */
		098F32DB2A4200FD0092D09A /* Resources */ = {
			isa = PBXResourcesBuildPhase;
			buildActionMask = 2147483647;
			files = (
				099FC1C62A51F19300116D00 /* GoogleService-Info.plist in Resources */,
				DF959A612A539FBE00E75774 /* Pretendard-Bold.otf in Resources */,
				090668F82A4FF1D900F413FA /* .swiftlint.yml in Resources */,
				098F32ED2A4200FE0092D09A /* LaunchScreen.storyboard in Resources */,
				098F32EA2A4200FE0092D09A /* Assets.xcassets in Resources */,
				DF959A622A539FBE00E75774 /* Pretendard-Medium.otf in Resources */,
				DF959A6C2A568C4600E75774 /* Colors.xcassets in Resources */,
			);
			runOnlyForDeploymentPostprocessing = 0;
		};
/* End PBXResourcesBuildPhase section */

/* Begin PBXShellScriptBuildPhase section */
		0983A5E22A4FF10900E19981 /* SwiftLint Script */ = {
			isa = PBXShellScriptBuildPhase;
			alwaysOutOfDate = 1;
			buildActionMask = 2147483647;
			files = (
			);
			inputFileListPaths = (
			);
			inputPaths = (
			);
			name = "SwiftLint Script";
			outputFileListPaths = (
			);
			outputPaths = (
			);
			runOnlyForDeploymentPostprocessing = 0;
			shellPath = /bin/sh;
			shellScript = "export PATH=\"$PATH:/opt/homebrew/bin\"\nif which swiftlint >/dev/null; then\n    swiftlint\nelse \n    echo \"warning: SwiftLint not installed, download form https://github.com/realm/SwiftLint\"\nfi\n";
		};
		099FC1C92A51F23B00116D00 /* Firebase Crashlytics */ = {
			isa = PBXShellScriptBuildPhase;
			buildActionMask = 2147483647;
			files = (
			);
			inputFileListPaths = (
			);
			inputPaths = (
				"${DWARF_DSYM_FOLDER_PATH}/${DWARF_DSYM_FILE_NAME}/Contents/Resources/DWARF/${TARGET_NAME}\n",
				"$(SRCROOT)/$(BUILT_PRODUCTS_DIR)/$(INFOPLIST_PATH)\n",
			);
			name = "Firebase Crashlytics";
			outputFileListPaths = (
			);
			outputPaths = (
			);
			runOnlyForDeploymentPostprocessing = 0;
			shellPath = /bin/sh;
			shellScript = "# Type a script or drag a script file from your workspace to insert its path.\n\"${BUILD_DIR%/Build/*}/SourcePackages/checkouts/firebase-ios-sdk/Crashlytics/run\"\n\n";
		};
/* End PBXShellScriptBuildPhase section */

/* Begin PBXSourcesBuildPhase section */
		098F32D92A4200FD0092D09A /* Sources */ = {
			isa = PBXSourcesBuildPhase;
			buildActionMask = 2147483647;
			files = (
				090556292A51DBC000752067 /* UIView.swift in Sources */,
				090668FC2A4FF3C600F413FA /* AppDelegate.swift in Sources */,
				090668FD2A4FF3C600F413FA /* SceneDelegate.swift in Sources */,
				09B13F5A2A5946B700C0C723 /* TabBar+.swift in Sources */,
				09B71C002A59D50900076AC2 /* HomeTopView.swift in Sources */,
				090556492A51E7EC00752067 /* UIScreen+.swift in Sources */,
				09B71C022A59D99200076AC2 /* SearchTextField.swift in Sources */,
				09CA3F0A2A569EC50063897A /* Enum.swift in Sources */,
				09B13F482A5931DC00C0C723 /* TabBarController.swift in Sources */,
				0961C3642A501EBF0031A822 /* Strings.swift in Sources */,
				09B13F542A593CD300C0C723 /* MyPageViewController.swift in Sources */,
				3EA2E1E32A53E88B003516A3 /* BaseViewController.swift in Sources */,
				090556222A51DB3300752067 /* UIFont+.swift in Sources */,
				09CA3EFC2A569E4A0063897A /* URLConstant.swift in Sources */,
				09B71BFE2A59D4AD00076AC2 /* HomeTopViewController.swift in Sources */,
				09CA3F082A569EBA0063897A /* Service.swift in Sources */,
				09B13F4C2A593C6F00C0C723 /* HomeViewController.swift in Sources */,
				0905564B2A51E81D00752067 /* UIViewController+.swift in Sources */,
				090556202A51DB2C00752067 /* UIImage+.swift in Sources */,
				0905562D2A51DBE700752067 /* UILabel+.swift in Sources */,
				090668FE2A4FF3C600F413FA /* ViewController.swift in Sources */,
				090556252A51DB9600752067 /* UICollectionView.swift in Sources */,
				09B13F582A59433500C0C723 /* TabBarItem.swift in Sources */,
				09B13F502A593CB800C0C723 /* BakeryListViewController.swift in Sources */,
				090556452A51E79B00752067 /* UITextField+.swift in Sources */,
				09CA3F062A569EB30063897A /* API.swift in Sources */,
				DF959A6E2A568C9400E75774 /* UIColor+.swift in Sources */,
				090556472A51E7D900752067 /* UITextView+.swift in Sources */,
				0905562B2A51DBCE00752067 /* UIStackView+.swift in Sources */,
				090556312A51DDD800752067 /* UITableView.swift in Sources */,
				09B13F562A59410C00C0C723 /* CALayer+.swift in Sources */,
				090556272A51DBB100752067 /* NSObject+.swift in Sources */,
			);
			runOnlyForDeploymentPostprocessing = 0;
		};
/* End PBXSourcesBuildPhase section */

/* Begin PBXVariantGroup section */
		098F32EB2A4200FE0092D09A /* LaunchScreen.storyboard */ = {
			isa = PBXVariantGroup;
			children = (
				098F32EC2A4200FE0092D09A /* Base */,
			);
			name = LaunchScreen.storyboard;
			sourceTree = "<group>";
		};
/* End PBXVariantGroup section */

/* Begin XCBuildConfiguration section */
		098F32EF2A4200FE0092D09A /* Debug */ = {
			isa = XCBuildConfiguration;
			buildSettings = {
				ALWAYS_SEARCH_USER_PATHS = NO;
				CLANG_ANALYZER_NONNULL = YES;
				CLANG_ANALYZER_NUMBER_OBJECT_CONVERSION = YES_AGGRESSIVE;
				CLANG_CXX_LANGUAGE_STANDARD = "gnu++20";
				CLANG_ENABLE_MODULES = YES;
				CLANG_ENABLE_OBJC_ARC = YES;
				CLANG_ENABLE_OBJC_WEAK = YES;
				CLANG_WARN_BLOCK_CAPTURE_AUTORELEASING = YES;
				CLANG_WARN_BOOL_CONVERSION = YES;
				CLANG_WARN_COMMA = YES;
				CLANG_WARN_CONSTANT_CONVERSION = YES;
				CLANG_WARN_DEPRECATED_OBJC_IMPLEMENTATIONS = YES;
				CLANG_WARN_DIRECT_OBJC_ISA_USAGE = YES_ERROR;
				CLANG_WARN_DOCUMENTATION_COMMENTS = YES;
				CLANG_WARN_EMPTY_BODY = YES;
				CLANG_WARN_ENUM_CONVERSION = YES;
				CLANG_WARN_INFINITE_RECURSION = YES;
				CLANG_WARN_INT_CONVERSION = YES;
				CLANG_WARN_NON_LITERAL_NULL_CONVERSION = YES;
				CLANG_WARN_OBJC_IMPLICIT_RETAIN_SELF = YES;
				CLANG_WARN_OBJC_LITERAL_CONVERSION = YES;
				CLANG_WARN_OBJC_ROOT_CLASS = YES_ERROR;
				CLANG_WARN_QUOTED_INCLUDE_IN_FRAMEWORK_HEADER = YES;
				CLANG_WARN_RANGE_LOOP_ANALYSIS = YES;
				CLANG_WARN_STRICT_PROTOTYPES = YES;
				CLANG_WARN_SUSPICIOUS_MOVE = YES;
				CLANG_WARN_UNGUARDED_AVAILABILITY = YES_AGGRESSIVE;
				CLANG_WARN_UNREACHABLE_CODE = YES;
				CLANG_WARN__DUPLICATE_METHOD_MATCH = YES;
				COPY_PHASE_STRIP = NO;
				DEBUG_INFORMATION_FORMAT = dwarf;
				ENABLE_STRICT_OBJC_MSGSEND = YES;
				ENABLE_TESTABILITY = YES;
				GCC_C_LANGUAGE_STANDARD = gnu11;
				GCC_DYNAMIC_NO_PIC = NO;
				GCC_NO_COMMON_BLOCKS = YES;
				GCC_OPTIMIZATION_LEVEL = 0;
				GCC_PREPROCESSOR_DEFINITIONS = (
					"DEBUG=1",
					"$(inherited)",
				);
				GCC_WARN_64_TO_32_BIT_CONVERSION = YES;
				GCC_WARN_ABOUT_RETURN_TYPE = YES_ERROR;
				GCC_WARN_UNDECLARED_SELECTOR = YES;
				GCC_WARN_UNINITIALIZED_AUTOS = YES_AGGRESSIVE;
				GCC_WARN_UNUSED_FUNCTION = YES;
				GCC_WARN_UNUSED_VARIABLE = YES;
				IPHONEOS_DEPLOYMENT_TARGET = 15.0;
				MTL_ENABLE_DEBUG_INFO = INCLUDE_SOURCE;
				MTL_FAST_MATH = YES;
				ONLY_ACTIVE_ARCH = YES;
				SDKROOT = iphoneos;
				SWIFT_ACTIVE_COMPILATION_CONDITIONS = DEBUG;
				SWIFT_OPTIMIZATION_LEVEL = "-Onone";
			};
			name = Debug;
		};
		098F32F02A4200FE0092D09A /* Release */ = {
			isa = XCBuildConfiguration;
			buildSettings = {
				ALWAYS_SEARCH_USER_PATHS = NO;
				CLANG_ANALYZER_NONNULL = YES;
				CLANG_ANALYZER_NUMBER_OBJECT_CONVERSION = YES_AGGRESSIVE;
				CLANG_CXX_LANGUAGE_STANDARD = "gnu++20";
				CLANG_ENABLE_MODULES = YES;
				CLANG_ENABLE_OBJC_ARC = YES;
				CLANG_ENABLE_OBJC_WEAK = YES;
				CLANG_WARN_BLOCK_CAPTURE_AUTORELEASING = YES;
				CLANG_WARN_BOOL_CONVERSION = YES;
				CLANG_WARN_COMMA = YES;
				CLANG_WARN_CONSTANT_CONVERSION = YES;
				CLANG_WARN_DEPRECATED_OBJC_IMPLEMENTATIONS = YES;
				CLANG_WARN_DIRECT_OBJC_ISA_USAGE = YES_ERROR;
				CLANG_WARN_DOCUMENTATION_COMMENTS = YES;
				CLANG_WARN_EMPTY_BODY = YES;
				CLANG_WARN_ENUM_CONVERSION = YES;
				CLANG_WARN_INFINITE_RECURSION = YES;
				CLANG_WARN_INT_CONVERSION = YES;
				CLANG_WARN_NON_LITERAL_NULL_CONVERSION = YES;
				CLANG_WARN_OBJC_IMPLICIT_RETAIN_SELF = YES;
				CLANG_WARN_OBJC_LITERAL_CONVERSION = YES;
				CLANG_WARN_OBJC_ROOT_CLASS = YES_ERROR;
				CLANG_WARN_QUOTED_INCLUDE_IN_FRAMEWORK_HEADER = YES;
				CLANG_WARN_RANGE_LOOP_ANALYSIS = YES;
				CLANG_WARN_STRICT_PROTOTYPES = YES;
				CLANG_WARN_SUSPICIOUS_MOVE = YES;
				CLANG_WARN_UNGUARDED_AVAILABILITY = YES_AGGRESSIVE;
				CLANG_WARN_UNREACHABLE_CODE = YES;
				CLANG_WARN__DUPLICATE_METHOD_MATCH = YES;
				COPY_PHASE_STRIP = NO;
				DEBUG_INFORMATION_FORMAT = "dwarf-with-dsym";
				ENABLE_NS_ASSERTIONS = NO;
				ENABLE_STRICT_OBJC_MSGSEND = YES;
				GCC_C_LANGUAGE_STANDARD = gnu11;
				GCC_NO_COMMON_BLOCKS = YES;
				GCC_WARN_64_TO_32_BIT_CONVERSION = YES;
				GCC_WARN_ABOUT_RETURN_TYPE = YES_ERROR;
				GCC_WARN_UNDECLARED_SELECTOR = YES;
				GCC_WARN_UNINITIALIZED_AUTOS = YES_AGGRESSIVE;
				GCC_WARN_UNUSED_FUNCTION = YES;
				GCC_WARN_UNUSED_VARIABLE = YES;
				IPHONEOS_DEPLOYMENT_TARGET = 15.0;
				MTL_ENABLE_DEBUG_INFO = NO;
				MTL_FAST_MATH = YES;
				SDKROOT = iphoneos;
				SWIFT_COMPILATION_MODE = wholemodule;
				SWIFT_OPTIMIZATION_LEVEL = "-O";
				VALIDATE_PRODUCT = YES;
			};
			name = Release;
		};
		098F32F22A4200FE0092D09A /* Debug */ = {
			isa = XCBuildConfiguration;
			buildSettings = {
				ASSETCATALOG_COMPILER_APPICON_NAME = AppIcon;
				ASSETCATALOG_COMPILER_GLOBAL_ACCENT_COLOR_NAME = AccentColor;
				CODE_SIGN_IDENTITY = "Apple Development";
				CODE_SIGN_STYLE = Automatic;
				CURRENT_PROJECT_VERSION = 1;
				DEBUG_INFORMATION_FORMAT = "dwarf-with-dsym";
				DEVELOPMENT_TEAM = ZLLGCJ8XUL;
				GENERATE_INFOPLIST_FILE = YES;
				INFOPLIST_FILE = "GEON-PPANG-iOS/Resource/Info.plist";
				INFOPLIST_KEY_UIApplicationSupportsIndirectInputEvents = YES;
				INFOPLIST_KEY_UILaunchStoryboardName = LaunchScreen;
				INFOPLIST_KEY_UISupportedInterfaceOrientations_iPad = "UIInterfaceOrientationPortrait UIInterfaceOrientationPortraitUpsideDown UIInterfaceOrientationLandscapeLeft UIInterfaceOrientationLandscapeRight";
				INFOPLIST_KEY_UISupportedInterfaceOrientations_iPhone = "UIInterfaceOrientationPortrait UIInterfaceOrientationLandscapeLeft UIInterfaceOrientationLandscapeRight";
				LD_RUNPATH_SEARCH_PATHS = (
					"$(inherited)",
					"@executable_path/Frameworks",
				);
				MARKETING_VERSION = 1.0;
				PRODUCT_BUNDLE_IDENTIFIER = "geonbbang.GEON-PPANG-iOS";
				PRODUCT_NAME = "$(TARGET_NAME)";
				PROVISIONING_PROFILE_SPECIFIER = "";
				SWIFT_EMIT_LOC_STRINGS = YES;
				SWIFT_VERSION = 5.0;
				TARGETED_DEVICE_FAMILY = "1,2";
			};
			name = Debug;
		};
		098F32F32A4200FE0092D09A /* Release */ = {
			isa = XCBuildConfiguration;
			buildSettings = {
				ASSETCATALOG_COMPILER_APPICON_NAME = AppIcon;
				ASSETCATALOG_COMPILER_GLOBAL_ACCENT_COLOR_NAME = AccentColor;
				CODE_SIGN_IDENTITY = "Apple Development";
				CODE_SIGN_STYLE = Automatic;
				CURRENT_PROJECT_VERSION = 1;
				DEVELOPMENT_TEAM = ZLLGCJ8XUL;
				GENERATE_INFOPLIST_FILE = YES;
				INFOPLIST_FILE = "GEON-PPANG-iOS/Resource/Info.plist";
				INFOPLIST_KEY_UIApplicationSupportsIndirectInputEvents = YES;
				INFOPLIST_KEY_UILaunchStoryboardName = LaunchScreen;
				INFOPLIST_KEY_UISupportedInterfaceOrientations_iPad = "UIInterfaceOrientationPortrait UIInterfaceOrientationPortraitUpsideDown UIInterfaceOrientationLandscapeLeft UIInterfaceOrientationLandscapeRight";
				INFOPLIST_KEY_UISupportedInterfaceOrientations_iPhone = "UIInterfaceOrientationPortrait UIInterfaceOrientationLandscapeLeft UIInterfaceOrientationLandscapeRight";
				LD_RUNPATH_SEARCH_PATHS = (
					"$(inherited)",
					"@executable_path/Frameworks",
				);
				MARKETING_VERSION = 1.0;
				PRODUCT_BUNDLE_IDENTIFIER = "geonbbang.GEON-PPANG-iOS";
				PRODUCT_NAME = "$(TARGET_NAME)";
				PROVISIONING_PROFILE_SPECIFIER = "";
				SWIFT_EMIT_LOC_STRINGS = YES;
				SWIFT_VERSION = 5.0;
				TARGETED_DEVICE_FAMILY = "1,2";
			};
			name = Release;
		};
/* End XCBuildConfiguration section */

/* Begin XCConfigurationList section */
		098F32D82A4200FD0092D09A /* Build configuration list for PBXProject "GEON-PPANG-iOS" */ = {
			isa = XCConfigurationList;
			buildConfigurations = (
				098F32EF2A4200FE0092D09A /* Debug */,
				098F32F02A4200FE0092D09A /* Release */,
			);
			defaultConfigurationIsVisible = 0;
			defaultConfigurationName = Release;
		};
		098F32F12A4200FE0092D09A /* Build configuration list for PBXNativeTarget "GEON-PPANG-iOS" */ = {
			isa = XCConfigurationList;
			buildConfigurations = (
				098F32F22A4200FE0092D09A /* Debug */,
				098F32F32A4200FE0092D09A /* Release */,
			);
			defaultConfigurationIsVisible = 0;
			defaultConfigurationName = Release;
		};
/* End XCConfigurationList section */

/* Begin XCRemoteSwiftPackageReference section */
		090556362A51E16B00752067 /* XCRemoteSwiftPackageReference "Then" */ = {
			isa = XCRemoteSwiftPackageReference;
			repositoryURL = "https://github.com/devxoul/Then";
			requirement = {
				kind = upToNextMajorVersion;
				minimumVersion = 3.0.0;
			};
		};
		090556392A51E17800752067 /* XCRemoteSwiftPackageReference "SnapKit" */ = {
			isa = XCRemoteSwiftPackageReference;
			repositoryURL = "https://github.com/SnapKit/SnapKit";
			requirement = {
				kind = upToNextMajorVersion;
				minimumVersion = 5.0.0;
			};
		};
		0905563C2A51E2C700752067 /* XCRemoteSwiftPackageReference "firebase-ios-sdk" */ = {
			isa = XCRemoteSwiftPackageReference;
			repositoryURL = "https://github.com/firebase/firebase-ios-sdk";
			requirement = {
				kind = upToNextMajorVersion;
				minimumVersion = 9.0.0;
			};
		};
		090556412A51E6FC00752067 /* XCRemoteSwiftPackageReference "Moya" */ = {
			isa = XCRemoteSwiftPackageReference;
			repositoryURL = "https://github.com/Moya/Moya";
			requirement = {
				branch = master;
				kind = branch;
			};
		};
/* End XCRemoteSwiftPackageReference section */

/* Begin XCSwiftPackageProductDependency section */
		090556372A51E16B00752067 /* Then */ = {
			isa = XCSwiftPackageProductDependency;
			package = 090556362A51E16B00752067 /* XCRemoteSwiftPackageReference "Then" */;
			productName = Then;
		};
		0905563A2A51E17800752067 /* SnapKit */ = {
			isa = XCSwiftPackageProductDependency;
			package = 090556392A51E17800752067 /* XCRemoteSwiftPackageReference "SnapKit" */;
			productName = SnapKit;
		};
		0905563D2A51E2C700752067 /* FirebaseAnalytics */ = {
			isa = XCSwiftPackageProductDependency;
			package = 0905563C2A51E2C700752067 /* XCRemoteSwiftPackageReference "firebase-ios-sdk" */;
			productName = FirebaseAnalytics;
		};
		0905563F2A51E2C700752067 /* FirebaseCrashlytics */ = {
			isa = XCSwiftPackageProductDependency;
			package = 0905563C2A51E2C700752067 /* XCRemoteSwiftPackageReference "firebase-ios-sdk" */;
			productName = FirebaseCrashlytics;
		};
		090556422A51E6FC00752067 /* Moya */ = {
			isa = XCSwiftPackageProductDependency;
			package = 090556412A51E6FC00752067 /* XCRemoteSwiftPackageReference "Moya" */;
			productName = Moya;
		};
/* End XCSwiftPackageProductDependency section */
	};
	rootObject = 098F32D52A4200FD0092D09A /* Project object */;
}
