// !$*UTF8*$!
{
	archiveVersion = 1;
	classes = {
	};
	objectVersion = 56;
	objects = {

/* Begin PBXBuildFile section */
		090556202A51DB2C00752067 /* UIImage+.swift in Sources */ = {isa = PBXBuildFile; fileRef = 0905561F2A51DB2C00752067 /* UIImage+.swift */; };
		090556222A51DB3300752067 /* UIFont+.swift in Sources */ = {isa = PBXBuildFile; fileRef = 090556212A51DB3300752067 /* UIFont+.swift */; };
		090556252A51DB9600752067 /* UICollectionView+.swift in Sources */ = {isa = PBXBuildFile; fileRef = 090556242A51DB9600752067 /* UICollectionView+.swift */; };
		090556272A51DBB100752067 /* NSObject+.swift in Sources */ = {isa = PBXBuildFile; fileRef = 090556262A51DBB100752067 /* NSObject+.swift */; };
		090556292A51DBC000752067 /* UIView+.swift in Sources */ = {isa = PBXBuildFile; fileRef = 090556282A51DBC000752067 /* UIView+.swift */; };
		0905562B2A51DBCE00752067 /* UIStackView+.swift in Sources */ = {isa = PBXBuildFile; fileRef = 0905562A2A51DBCE00752067 /* UIStackView+.swift */; };
		0905562D2A51DBE700752067 /* UILabel+.swift in Sources */ = {isa = PBXBuildFile; fileRef = 0905562C2A51DBE700752067 /* UILabel+.swift */; };
		090556312A51DDD800752067 /* UITableView+.swift in Sources */ = {isa = PBXBuildFile; fileRef = 090556302A51DDD800752067 /* UITableView+.swift */; };
		090556382A51E16B00752067 /* Then in Frameworks */ = {isa = PBXBuildFile; productRef = 090556372A51E16B00752067 /* Then */; };
		0905563B2A51E17800752067 /* SnapKit in Frameworks */ = {isa = PBXBuildFile; productRef = 0905563A2A51E17800752067 /* SnapKit */; };
		0905563E2A51E2C700752067 /* FirebaseAnalytics in Frameworks */ = {isa = PBXBuildFile; productRef = 0905563D2A51E2C700752067 /* FirebaseAnalytics */; };
		090556402A51E2C700752067 /* FirebaseCrashlytics in Frameworks */ = {isa = PBXBuildFile; productRef = 0905563F2A51E2C700752067 /* FirebaseCrashlytics */; };
		090556432A51E6FC00752067 /* Moya in Frameworks */ = {isa = PBXBuildFile; productRef = 090556422A51E6FC00752067 /* Moya */; };
		090556452A51E79B00752067 /* UITextField+.swift in Sources */ = {isa = PBXBuildFile; fileRef = 090556442A51E79B00752067 /* UITextField+.swift */; };
		090556472A51E7D900752067 /* UITextView+.swift in Sources */ = {isa = PBXBuildFile; fileRef = 090556462A51E7D900752067 /* UITextView+.swift */; };
		090556492A51E7EC00752067 /* UIScreen+.swift in Sources */ = {isa = PBXBuildFile; fileRef = 090556482A51E7EC00752067 /* UIScreen+.swift */; };
		0905564B2A51E81D00752067 /* UIViewController+.swift in Sources */ = {isa = PBXBuildFile; fileRef = 0905564A2A51E81D00752067 /* UIViewController+.swift */; };
		090668F82A4FF1D900F413FA /* .swiftlint.yml in Resources */ = {isa = PBXBuildFile; fileRef = 090668F72A4FF1D900F413FA /* .swiftlint.yml */; };
		090668FC2A4FF3C600F413FA /* AppDelegate.swift in Sources */ = {isa = PBXBuildFile; fileRef = 098F32E02A4200FD0092D09A /* AppDelegate.swift */; };
		090668FD2A4FF3C600F413FA /* SceneDelegate.swift in Sources */ = {isa = PBXBuildFile; fileRef = 098F32E22A4200FD0092D09A /* SceneDelegate.swift */; };
		0915C16A2A5BFC5900ACB8D4 /* HomeBottomCollectionViewCell.swift in Sources */ = {isa = PBXBuildFile; fileRef = 0915C1692A5BFC5900ACB8D4 /* HomeBottomCollectionViewCell.swift */; };
		0915C16E2A5C2EE200ACB8D4 /* MarkStackView.swift in Sources */ = {isa = PBXBuildFile; fileRef = 0915C16D2A5C2EE200ACB8D4 /* MarkStackView.swift */; };
		0915C1702A5C3C5600ACB8D4 /* RegionStackView.swift in Sources */ = {isa = PBXBuildFile; fileRef = 0915C16F2A5C3C5600ACB8D4 /* RegionStackView.swift */; };
		0915C1722A5C3D3700ACB8D4 /* PaddingLabel.swift in Sources */ = {isa = PBXBuildFile; fileRef = 0915C1712A5C3D3700ACB8D4 /* PaddingLabel.swift */; };
		0915C1752A5C533900ACB8D4 /* HomeReviewCollectionViewCell.swift in Sources */ = {isa = PBXBuildFile; fileRef = 0915C1742A5C533900ACB8D4 /* HomeReviewCollectionViewCell.swift */; };
		0924632F2A5BA0F200B6F65D /* HomeBakeryCollectionViewCell.swift in Sources */ = {isa = PBXBuildFile; fileRef = 0924632E2A5BA0F200B6F65D /* HomeBakeryCollectionViewCell.swift */; };
		093214022A5AE27800875EF6 /* Utils.swift in Sources */ = {isa = PBXBuildFile; fileRef = 093214012A5AE27700875EF6 /* Utils.swift */; };
		093214082A5AE40900875EF6 /* SearchViewController.swift in Sources */ = {isa = PBXBuildFile; fileRef = 093214072A5AE40900875EF6 /* SearchViewController.swift */; };
		0961C3642A501EBF0031A822 /* Strings.swift in Sources */ = {isa = PBXBuildFile; fileRef = 0961C3632A501EBF0031A822 /* Strings.swift */; };
		097682DA2A5C829D0008F4FB /* GradientImageView.swift in Sources */ = {isa = PBXBuildFile; fileRef = 097682D92A5C829D0008F4FB /* GradientImageView.swift */; };
		097682DC2A5C83910008F4FB /* CGFloat+.swift in Sources */ = {isa = PBXBuildFile; fileRef = 097682DB2A5C83910008F4FB /* CGFloat+.swift */; };
		097682DF2A5C91280008F4FB /* BakeryListResponseDTO.swift in Sources */ = {isa = PBXBuildFile; fileRef = 097682DE2A5C91280008F4FB /* BakeryListResponseDTO.swift */; };
		097682E32A5C95750008F4FB /* BakeryFilterCollectionViewCell.swift in Sources */ = {isa = PBXBuildFile; fileRef = 097682E22A5C95750008F4FB /* BakeryFilterCollectionViewCell.swift */; };
		097682E52A5C99340008F4FB /* BakeryFilterItems.swift in Sources */ = {isa = PBXBuildFile; fileRef = 097682E42A5C99340008F4FB /* BakeryFilterItems.swift */; };
		097682E72A5CF0080008F4FB /* BakeryFilterView.swift in Sources */ = {isa = PBXBuildFile; fileRef = 097682E62A5CF0080008F4FB /* BakeryFilterView.swift */; };
		097682E92A5D0B6B0008F4FB /* BakeryListTopView.swift in Sources */ = {isa = PBXBuildFile; fileRef = 097682E82A5D0B6B0008F4FB /* BakeryListTopView.swift */; };
		097682EB2A5D12BD0008F4FB /* BakeryListCollectionViewCell.swift in Sources */ = {isa = PBXBuildFile; fileRef = 097682EA2A5D12BD0008F4FB /* BakeryListCollectionViewCell.swift */; };
		098716B42A6061F500538D05 /* SearchResponseDTO.swift in Sources */ = {isa = PBXBuildFile; fileRef = 098716B32A6061F500538D05 /* SearchResponseDTO.swift */; };
		098716B62A60F52200538D05 /* BakeryTypeProtocol.swift in Sources */ = {isa = PBXBuildFile; fileRef = 098716B52A60F52200538D05 /* BakeryTypeProtocol.swift */; };
		098716B82A6138BD00538D05 /* MyReviewsHeaderView.swift in Sources */ = {isa = PBXBuildFile; fileRef = 098716B72A6138BD00538D05 /* MyReviewsHeaderView.swift */; };
		0987288D2A5BA1F000A29402 /* BookmarkButton.swift in Sources */ = {isa = PBXBuildFile; fileRef = 0987288C2A5BA1F000A29402 /* BookmarkButton.swift */; };
		098F32EA2A4200FE0092D09A /* Assets.xcassets in Resources */ = {isa = PBXBuildFile; fileRef = 098F32E92A4200FE0092D09A /* Assets.xcassets */; };
		098F32ED2A4200FE0092D09A /* LaunchScreen.storyboard in Resources */ = {isa = PBXBuildFile; fileRef = 098F32EB2A4200FE0092D09A /* LaunchScreen.storyboard */; };
		099FC1C62A51F19300116D00 /* GoogleService-Info.plist in Resources */ = {isa = PBXBuildFile; fileRef = 099FC1C52A51F19300116D00 /* GoogleService-Info.plist */; };
		09B13F482A5931DC00C0C723 /* TabBarController.swift in Sources */ = {isa = PBXBuildFile; fileRef = 09B13F472A5931DC00C0C723 /* TabBarController.swift */; };
		09B13F4C2A593C6F00C0C723 /* HomeViewController.swift in Sources */ = {isa = PBXBuildFile; fileRef = 09B13F4B2A593C6F00C0C723 /* HomeViewController.swift */; };
		09B13F502A593CB800C0C723 /* BakeryListViewController.swift in Sources */ = {isa = PBXBuildFile; fileRef = 09B13F4F2A593CB800C0C723 /* BakeryListViewController.swift */; };
		09B13F542A593CD300C0C723 /* MyPageViewController.swift in Sources */ = {isa = PBXBuildFile; fileRef = 09B13F532A593CD300C0C723 /* MyPageViewController.swift */; };
		09B13F562A59410C00C0C723 /* CALayer+.swift in Sources */ = {isa = PBXBuildFile; fileRef = 09B13F552A59410C00C0C723 /* CALayer+.swift */; };
		09B13F582A59433500C0C723 /* TabBarItem.swift in Sources */ = {isa = PBXBuildFile; fileRef = 09B13F572A59433500C0C723 /* TabBarItem.swift */; };
		09B13F5A2A5946B700C0C723 /* TabBar+.swift in Sources */ = {isa = PBXBuildFile; fileRef = 09B13F592A5946B700C0C723 /* TabBar+.swift */; };
		09B71C002A59D50900076AC2 /* HomeTopView.swift in Sources */ = {isa = PBXBuildFile; fileRef = 09B71BFF2A59D50900076AC2 /* HomeTopView.swift */; };
		09B71C022A59D99200076AC2 /* SearchTextField.swift in Sources */ = {isa = PBXBuildFile; fileRef = 09B71C012A59D99200076AC2 /* SearchTextField.swift */; };
		09C6264E2A5B29F8002C8110 /* SearchEnum.swift in Sources */ = {isa = PBXBuildFile; fileRef = 09C6264D2A5B29F8002C8110 /* SearchEnum.swift */; };
		09C626542A5B344B002C8110 /* HomeBestBakeryResponseDTO.swift in Sources */ = {isa = PBXBuildFile; fileRef = 09C626532A5B344B002C8110 /* HomeBestBakeryResponseDTO.swift */; };
		09C626562A5B3572002C8110 /* HomeBestReviewResponseDTO.swift in Sources */ = {isa = PBXBuildFile; fileRef = 09C626552A5B3572002C8110 /* HomeBestReviewResponseDTO.swift */; };
		09C626582A5B4269002C8110 /* HomeHeaderView.swift in Sources */ = {isa = PBXBuildFile; fileRef = 09C626572A5B4269002C8110 /* HomeHeaderView.swift */; };
		09CA3EF82A5676AA0063897A /* CommonButton.swift in Sources */ = {isa = PBXBuildFile; fileRef = 09CA3EF72A5676AA0063897A /* CommonButton.swift */; };
		09CA3EFC2A569E4A0063897A /* URLConstant.swift in Sources */ = {isa = PBXBuildFile; fileRef = 09CA3EFB2A569E4A0063897A /* URLConstant.swift */; };
		09CA3F062A569EB30063897A /* API.swift in Sources */ = {isa = PBXBuildFile; fileRef = 09CA3F052A569EB30063897A /* API.swift */; };
		09CA3F082A569EBA0063897A /* Service.swift in Sources */ = {isa = PBXBuildFile; fileRef = 09CA3F072A569EBA0063897A /* Service.swift */; };
		09FD47C82A5DC991002020BD /* SearchNavigationView.swift in Sources */ = {isa = PBXBuildFile; fileRef = 09FD47C72A5DC991002020BD /* SearchNavigationView.swift */; };
		09FD47CA2A5DD38D002020BD /* SearchResultView.swift in Sources */ = {isa = PBXBuildFile; fileRef = 09FD47C92A5DD38D002020BD /* SearchResultView.swift */; };
		09FD47D22A5DF892002020BD /* EmptyCollectionViewCell.swift in Sources */ = {isa = PBXBuildFile; fileRef = 09FD47D12A5DF892002020BD /* EmptyCollectionViewCell.swift */; };
		09FD47D92A5E5148002020BD /* MySavedBakeryViewController.swift in Sources */ = {isa = PBXBuildFile; fileRef = 09FD47D82A5E5148002020BD /* MySavedBakeryViewController.swift */; };
		09FD47DD2A5E57F2002020BD /* MyReviewsViewController.swift in Sources */ = {isa = PBXBuildFile; fileRef = 09FD47DC2A5E57F2002020BD /* MyReviewsViewController.swift */; };
		3E16E4F52A57CF3800B813D0 /* WriteReviewDTO.swift in Sources */ = {isa = PBXBuildFile; fileRef = 3E16E4F42A57CF3800B813D0 /* WriteReviewDTO.swift */; };
		3E16E4FA2A57D1F400B813D0 /* RecommendationModel.swift in Sources */ = {isa = PBXBuildFile; fileRef = 3E16E4F92A57D1F400B813D0 /* RecommendationModel.swift */; };
		3E16E4FC2A57D24900B813D0 /* LikeModel.swift in Sources */ = {isa = PBXBuildFile; fileRef = 3E16E4FB2A57D24900B813D0 /* LikeModel.swift */; };
		3E16E4FE2A57F06D00B813D0 /* OptionsCollectionViewFlowLayout.swift in Sources */ = {isa = PBXBuildFile; fileRef = 3E16E4FD2A57F06D00B813D0 /* OptionsCollectionViewFlowLayout.swift */; };
		3E16E5022A58176800B813D0 /* ReviewDetailTextView.swift in Sources */ = {isa = PBXBuildFile; fileRef = 3E16E5012A58176800B813D0 /* ReviewDetailTextView.swift */; };
		3E2EEF752A5C93010093BCA9 /* BottomView.swift in Sources */ = {isa = PBXBuildFile; fileRef = 3E2EEF742A5C93010093BCA9 /* BottomView.swift */; };
		3E452B672A60E68000EA456D /* MyPageDTO.swift in Sources */ = {isa = PBXBuildFile; fileRef = 3E452B662A60E68000EA456D /* MyPageDTO.swift */; };
		3E452B692A60FF7900EA456D /* MyPageCollectionViewFooter.swift in Sources */ = {isa = PBXBuildFile; fileRef = 3E452B682A60FF7900EA456D /* MyPageCollectionViewFooter.swift */; };
		3E452B6B2A614AAE00EA456D /* ImageWithSubtitleButton.swift in Sources */ = {isa = PBXBuildFile; fileRef = 3E452B6A2A614AAD00EA456D /* ImageWithSubtitleButton.swift */; };
		09FD47E22A5E69A2002020BD /* CommonBottomSheet.swift in Sources */ = {isa = PBXBuildFile; fileRef = 09FD47E12A5E69A2002020BD /* CommonBottomSheet.swift */; };
		09FD47E42A5E82BB002020BD /* BottomSheetAppearView.swift in Sources */ = {isa = PBXBuildFile; fileRef = 09FD47E32A5E82BB002020BD /* BottomSheetAppearView.swift */; };
		3E79B19D2A54523D00D36A26 /* BackButton.swift in Sources */ = {isa = PBXBuildFile; fileRef = 3E79B19C2A54523D00D36A26 /* BackButton.swift */; };
		3E79B1A02A5546E700D36A26 /* DescriptionCollectionViewCell.swift in Sources */ = {isa = PBXBuildFile; fileRef = 3E79B19F2A5546E700D36A26 /* DescriptionCollectionViewCell.swift */; };
		3E79B1A62A566F6400D36A26 /* WriteReviewViewController.swift in Sources */ = {isa = PBXBuildFile; fileRef = 3E79B1A52A566F6400D36A26 /* WriteReviewViewController.swift */; };
		3E79B1AE2A56F14A00D36A26 /* BakeryOverviewView.swift in Sources */ = {isa = PBXBuildFile; fileRef = 3E79B1AD2A56F14A00D36A26 /* BakeryOverviewView.swift */; };
		3E79B1B22A571E1F00D36A26 /* OptionsCollectionView.swift in Sources */ = {isa = PBXBuildFile; fileRef = 3E79B1B12A571E1F00D36A26 /* OptionsCollectionView.swift */; };
		3E79B1B52A571E7100D36A26 /* OptionsCollectionViewCell.swift in Sources */ = {isa = PBXBuildFile; fileRef = 3E79B1B42A571E7100D36A26 /* OptionsCollectionViewCell.swift */; };
		3EA2E1E32A53E88B003516A3 /* BaseViewController.swift in Sources */ = {isa = PBXBuildFile; fileRef = 3EA2E1E22A53E88B003516A3 /* BaseViewController.swift */; };
		3EA2E1EB2A542151003516A3 /* SizeLiteral.swift in Sources */ = {isa = PBXBuildFile; fileRef = 3EA2E1EA2A542151003516A3 /* SizeLiteral.swift */; };
		3ED40DF92A5FCF3800C7D5DA /* FilterEnum.swift in Sources */ = {isa = PBXBuildFile; fileRef = 3ED40DF82A5FCF3800C7D5DA /* FilterEnum.swift */; };
		3ED40DFB2A5FD26200C7D5DA /* FilterDTO.swift in Sources */ = {isa = PBXBuildFile; fileRef = 3ED40DFA2A5FD26200C7D5DA /* FilterDTO.swift */; };
		3ED40E002A608B4700C7D5DA /* MyPageCollectionViewCell.swift in Sources */ = {isa = PBXBuildFile; fileRef = 3ED40DFF2A608B4600C7D5DA /* MyPageCollectionViewCell.swift */; };
		3ED40E022A608B8600C7D5DA /* MyPageSectionEnum.swift in Sources */ = {isa = PBXBuildFile; fileRef = 3ED40E012A608B8600C7D5DA /* MyPageSectionEnum.swift */; };
		3ED40E042A608EF000C7D5DA /* MyPageCollectionViewHeader.swift in Sources */ = {isa = PBXBuildFile; fileRef = 3ED40E032A608EF000C7D5DA /* MyPageCollectionViewHeader.swift */; };
		3ED40E062A60916000C7D5DA /* MyPagePurposeChipView.swift in Sources */ = {isa = PBXBuildFile; fileRef = 3ED40E052A60916000C7D5DA /* MyPagePurposeChipView.swift */; };
		3EDC05BE2A5DED4400EAD950 /* FilterPurposeViewController.swift in Sources */ = {isa = PBXBuildFile; fileRef = 3EDC05BD2A5DED4400EAD950 /* FilterPurposeViewController.swift */; };
		3EDC05C02A5DED9200EAD950 /* FilterBreadTypeViewController.swift in Sources */ = {isa = PBXBuildFile; fileRef = 3EDC05BF2A5DED9200EAD950 /* FilterBreadTypeViewController.swift */; };
		3EDC05C22A5DED9D00EAD950 /* FilterIngredientViewController.swift in Sources */ = {isa = PBXBuildFile; fileRef = 3EDC05C12A5DED9D00EAD950 /* FilterIngredientViewController.swift */; };
		3EDC05C42A5DEE3600EAD950 /* FilterCollectionViewCell.swift in Sources */ = {isa = PBXBuildFile; fileRef = 3EDC05C32A5DEE3600EAD950 /* FilterCollectionViewCell.swift */; };
		3EDC05D02A5E4FF900EAD950 /* String+.swift in Sources */ = {isa = PBXBuildFile; fileRef = 3EDC05CF2A5E4FF900EAD950 /* String+.swift */; };
		3EFA97862A5EBCA9002E70FA /* LineView.swift in Sources */ = {isa = PBXBuildFile; fileRef = 3EFA97852A5EBCA9002E70FA /* LineView.swift */; };
		3EFA97882A5EBCED002E70FA /* CustomNavigationBar.swift in Sources */ = {isa = PBXBuildFile; fileRef = 3EFA97872A5EBCED002E70FA /* CustomNavigationBar.swift */; };
		DF959A612A539FBE00E75774 /* Pretendard-Bold.otf in Resources */ = {isa = PBXBuildFile; fileRef = DF959A5F2A539FBE00E75774 /* Pretendard-Bold.otf */; };
		DF959A622A539FBE00E75774 /* Pretendard-Medium.otf in Resources */ = {isa = PBXBuildFile; fileRef = DF959A602A539FBE00E75774 /* Pretendard-Medium.otf */; };
		DF959A6C2A568C4600E75774 /* Colors.xcassets in Resources */ = {isa = PBXBuildFile; fileRef = DF959A6B2A568C4600E75774 /* Colors.xcassets */; };
		DF959A6E2A568C9400E75774 /* UIColor+.swift in Sources */ = {isa = PBXBuildFile; fileRef = DF959A6D2A568C9400E75774 /* UIColor+.swift */; };
		DFB587B92A5D584800704B6C /* OnboardingViewController.swift in Sources */ = {isa = PBXBuildFile; fileRef = DFB587B82A5D584800704B6C /* OnboardingViewController.swift */; };
		DFB587BB2A5D588500704B6C /* DrawDashLineView.swift in Sources */ = {isa = PBXBuildFile; fileRef = DFB587BA2A5D588500704B6C /* DrawDashLineView.swift */; };
/* End PBXBuildFile section */

/* Begin PBXFileReference section */
		0905561F2A51DB2C00752067 /* UIImage+.swift */ = {isa = PBXFileReference; lastKnownFileType = sourcecode.swift; path = "UIImage+.swift"; sourceTree = "<group>"; };
		090556212A51DB3300752067 /* UIFont+.swift */ = {isa = PBXFileReference; lastKnownFileType = sourcecode.swift; path = "UIFont+.swift"; sourceTree = "<group>"; };
		090556242A51DB9600752067 /* UICollectionView+.swift */ = {isa = PBXFileReference; lastKnownFileType = sourcecode.swift; path = "UICollectionView+.swift"; sourceTree = "<group>"; };
		090556262A51DBB100752067 /* NSObject+.swift */ = {isa = PBXFileReference; lastKnownFileType = sourcecode.swift; path = "NSObject+.swift"; sourceTree = "<group>"; };
		090556282A51DBC000752067 /* UIView+.swift */ = {isa = PBXFileReference; lastKnownFileType = sourcecode.swift; path = "UIView+.swift"; sourceTree = "<group>"; };
		0905562A2A51DBCE00752067 /* UIStackView+.swift */ = {isa = PBXFileReference; lastKnownFileType = sourcecode.swift; path = "UIStackView+.swift"; sourceTree = "<group>"; };
		0905562C2A51DBE700752067 /* UILabel+.swift */ = {isa = PBXFileReference; lastKnownFileType = sourcecode.swift; path = "UILabel+.swift"; sourceTree = "<group>"; };
		090556302A51DDD800752067 /* UITableView+.swift */ = {isa = PBXFileReference; lastKnownFileType = sourcecode.swift; path = "UITableView+.swift"; sourceTree = "<group>"; };
		090556442A51E79B00752067 /* UITextField+.swift */ = {isa = PBXFileReference; lastKnownFileType = sourcecode.swift; path = "UITextField+.swift"; sourceTree = "<group>"; };
		090556462A51E7D900752067 /* UITextView+.swift */ = {isa = PBXFileReference; lastKnownFileType = sourcecode.swift; path = "UITextView+.swift"; sourceTree = "<group>"; };
		090556482A51E7EC00752067 /* UIScreen+.swift */ = {isa = PBXFileReference; lastKnownFileType = sourcecode.swift; path = "UIScreen+.swift"; sourceTree = "<group>"; };
		0905564A2A51E81D00752067 /* UIViewController+.swift */ = {isa = PBXFileReference; lastKnownFileType = sourcecode.swift; path = "UIViewController+.swift"; sourceTree = "<group>"; };
		090668F72A4FF1D900F413FA /* .swiftlint.yml */ = {isa = PBXFileReference; lastKnownFileType = text.yaml; path = .swiftlint.yml; sourceTree = "<group>"; };
		0915C1692A5BFC5900ACB8D4 /* HomeBottomCollectionViewCell.swift */ = {isa = PBXFileReference; lastKnownFileType = sourcecode.swift; path = HomeBottomCollectionViewCell.swift; sourceTree = "<group>"; };
		0915C16D2A5C2EE200ACB8D4 /* MarkStackView.swift */ = {isa = PBXFileReference; lastKnownFileType = sourcecode.swift; path = MarkStackView.swift; sourceTree = "<group>"; };
		0915C16F2A5C3C5600ACB8D4 /* RegionStackView.swift */ = {isa = PBXFileReference; lastKnownFileType = sourcecode.swift; path = RegionStackView.swift; sourceTree = "<group>"; };
		0915C1712A5C3D3700ACB8D4 /* PaddingLabel.swift */ = {isa = PBXFileReference; lastKnownFileType = sourcecode.swift; path = PaddingLabel.swift; sourceTree = "<group>"; };
		0915C1742A5C533900ACB8D4 /* HomeReviewCollectionViewCell.swift */ = {isa = PBXFileReference; lastKnownFileType = sourcecode.swift; path = HomeReviewCollectionViewCell.swift; sourceTree = "<group>"; };
		0924632E2A5BA0F200B6F65D /* HomeBakeryCollectionViewCell.swift */ = {isa = PBXFileReference; lastKnownFileType = sourcecode.swift; path = HomeBakeryCollectionViewCell.swift; sourceTree = "<group>"; };
		093214012A5AE27700875EF6 /* Utils.swift */ = {isa = PBXFileReference; lastKnownFileType = sourcecode.swift; path = Utils.swift; sourceTree = "<group>"; };
		093214072A5AE40900875EF6 /* SearchViewController.swift */ = {isa = PBXFileReference; lastKnownFileType = sourcecode.swift; path = SearchViewController.swift; sourceTree = "<group>"; };
		0961C3632A501EBF0031A822 /* Strings.swift */ = {isa = PBXFileReference; lastKnownFileType = sourcecode.swift; path = Strings.swift; sourceTree = "<group>"; };
		097682D92A5C829D0008F4FB /* GradientImageView.swift */ = {isa = PBXFileReference; lastKnownFileType = sourcecode.swift; path = GradientImageView.swift; sourceTree = "<group>"; };
		097682DB2A5C83910008F4FB /* CGFloat+.swift */ = {isa = PBXFileReference; lastKnownFileType = sourcecode.swift; path = "CGFloat+.swift"; sourceTree = "<group>"; };
		097682DE2A5C91280008F4FB /* BakeryListResponseDTO.swift */ = {isa = PBXFileReference; lastKnownFileType = sourcecode.swift; path = BakeryListResponseDTO.swift; sourceTree = "<group>"; };
		097682E22A5C95750008F4FB /* BakeryFilterCollectionViewCell.swift */ = {isa = PBXFileReference; lastKnownFileType = sourcecode.swift; path = BakeryFilterCollectionViewCell.swift; sourceTree = "<group>"; };
		097682E42A5C99340008F4FB /* BakeryFilterItems.swift */ = {isa = PBXFileReference; lastKnownFileType = sourcecode.swift; path = BakeryFilterItems.swift; sourceTree = "<group>"; };
		097682E62A5CF0080008F4FB /* BakeryFilterView.swift */ = {isa = PBXFileReference; lastKnownFileType = sourcecode.swift; path = BakeryFilterView.swift; sourceTree = "<group>"; };
		097682E82A5D0B6B0008F4FB /* BakeryListTopView.swift */ = {isa = PBXFileReference; lastKnownFileType = sourcecode.swift; path = BakeryListTopView.swift; sourceTree = "<group>"; };
		097682EA2A5D12BD0008F4FB /* BakeryListCollectionViewCell.swift */ = {isa = PBXFileReference; lastKnownFileType = sourcecode.swift; path = BakeryListCollectionViewCell.swift; sourceTree = "<group>"; };
		098716B32A6061F500538D05 /* SearchResponseDTO.swift */ = {isa = PBXFileReference; lastKnownFileType = sourcecode.swift; path = SearchResponseDTO.swift; sourceTree = "<group>"; };
		098716B52A60F52200538D05 /* BakeryTypeProtocol.swift */ = {isa = PBXFileReference; lastKnownFileType = sourcecode.swift; path = BakeryTypeProtocol.swift; sourceTree = "<group>"; };
		098716B72A6138BD00538D05 /* MyReviewsHeaderView.swift */ = {isa = PBXFileReference; lastKnownFileType = sourcecode.swift; path = MyReviewsHeaderView.swift; sourceTree = "<group>"; };
		0987288C2A5BA1F000A29402 /* BookmarkButton.swift */ = {isa = PBXFileReference; lastKnownFileType = sourcecode.swift; path = BookmarkButton.swift; sourceTree = "<group>"; };
		098F32DD2A4200FD0092D09A /* GEON-PPANG-iOS.app */ = {isa = PBXFileReference; explicitFileType = wrapper.application; includeInIndex = 0; path = "GEON-PPANG-iOS.app"; sourceTree = BUILT_PRODUCTS_DIR; };
		098F32E02A4200FD0092D09A /* AppDelegate.swift */ = {isa = PBXFileReference; lastKnownFileType = sourcecode.swift; path = AppDelegate.swift; sourceTree = "<group>"; };
		098F32E22A4200FD0092D09A /* SceneDelegate.swift */ = {isa = PBXFileReference; lastKnownFileType = sourcecode.swift; path = SceneDelegate.swift; sourceTree = "<group>"; };
		098F32E92A4200FE0092D09A /* Assets.xcassets */ = {isa = PBXFileReference; lastKnownFileType = folder.assetcatalog; path = Assets.xcassets; sourceTree = "<group>"; };
		098F32EC2A4200FE0092D09A /* Base */ = {isa = PBXFileReference; lastKnownFileType = file.storyboard; name = Base; path = Base.lproj/LaunchScreen.storyboard; sourceTree = "<group>"; };
		098F32EE2A4200FE0092D09A /* Info.plist */ = {isa = PBXFileReference; lastKnownFileType = text.plist.xml; path = Info.plist; sourceTree = "<group>"; };
		099FC1C52A51F19300116D00 /* GoogleService-Info.plist */ = {isa = PBXFileReference; fileEncoding = 4; lastKnownFileType = text.plist.xml; path = "GoogleService-Info.plist"; sourceTree = "<group>"; };
		09B13F472A5931DC00C0C723 /* TabBarController.swift */ = {isa = PBXFileReference; lastKnownFileType = sourcecode.swift; path = TabBarController.swift; sourceTree = "<group>"; };
		09B13F4B2A593C6F00C0C723 /* HomeViewController.swift */ = {isa = PBXFileReference; lastKnownFileType = sourcecode.swift; path = HomeViewController.swift; sourceTree = "<group>"; };
		09B13F4F2A593CB800C0C723 /* BakeryListViewController.swift */ = {isa = PBXFileReference; lastKnownFileType = sourcecode.swift; path = BakeryListViewController.swift; sourceTree = "<group>"; };
		09B13F532A593CD300C0C723 /* MyPageViewController.swift */ = {isa = PBXFileReference; lastKnownFileType = sourcecode.swift; path = MyPageViewController.swift; sourceTree = "<group>"; };
		09B13F552A59410C00C0C723 /* CALayer+.swift */ = {isa = PBXFileReference; lastKnownFileType = sourcecode.swift; path = "CALayer+.swift"; sourceTree = "<group>"; };
		09B13F572A59433500C0C723 /* TabBarItem.swift */ = {isa = PBXFileReference; lastKnownFileType = sourcecode.swift; path = TabBarItem.swift; sourceTree = "<group>"; };
		09B13F592A5946B700C0C723 /* TabBar+.swift */ = {isa = PBXFileReference; lastKnownFileType = sourcecode.swift; path = "TabBar+.swift"; sourceTree = "<group>"; };
		09B71BFF2A59D50900076AC2 /* HomeTopView.swift */ = {isa = PBXFileReference; lastKnownFileType = sourcecode.swift; path = HomeTopView.swift; sourceTree = "<group>"; };
		09B71C012A59D99200076AC2 /* SearchTextField.swift */ = {isa = PBXFileReference; lastKnownFileType = sourcecode.swift; path = SearchTextField.swift; sourceTree = "<group>"; };
		09C6264D2A5B29F8002C8110 /* SearchEnum.swift */ = {isa = PBXFileReference; lastKnownFileType = sourcecode.swift; path = SearchEnum.swift; sourceTree = "<group>"; };
		09C626532A5B344B002C8110 /* HomeBestBakeryResponseDTO.swift */ = {isa = PBXFileReference; lastKnownFileType = sourcecode.swift; path = HomeBestBakeryResponseDTO.swift; sourceTree = "<group>"; };
		09C626552A5B3572002C8110 /* HomeBestReviewResponseDTO.swift */ = {isa = PBXFileReference; lastKnownFileType = sourcecode.swift; path = HomeBestReviewResponseDTO.swift; sourceTree = "<group>"; };
		09C626572A5B4269002C8110 /* HomeHeaderView.swift */ = {isa = PBXFileReference; lastKnownFileType = sourcecode.swift; path = HomeHeaderView.swift; sourceTree = "<group>"; };
		09CA3EF72A5676AA0063897A /* CommonButton.swift */ = {isa = PBXFileReference; lastKnownFileType = sourcecode.swift; path = CommonButton.swift; sourceTree = "<group>"; };
		09CA3EFB2A569E4A0063897A /* URLConstant.swift */ = {isa = PBXFileReference; lastKnownFileType = sourcecode.swift; path = URLConstant.swift; sourceTree = "<group>"; };
		09CA3F052A569EB30063897A /* API.swift */ = {isa = PBXFileReference; lastKnownFileType = sourcecode.swift; path = API.swift; sourceTree = "<group>"; };
		09CA3F072A569EBA0063897A /* Service.swift */ = {isa = PBXFileReference; lastKnownFileType = sourcecode.swift; path = Service.swift; sourceTree = "<group>"; };
		09FD47C72A5DC991002020BD /* SearchNavigationView.swift */ = {isa = PBXFileReference; lastKnownFileType = sourcecode.swift; path = SearchNavigationView.swift; sourceTree = "<group>"; };
		09FD47C92A5DD38D002020BD /* SearchResultView.swift */ = {isa = PBXFileReference; lastKnownFileType = sourcecode.swift; path = SearchResultView.swift; sourceTree = "<group>"; };
		09FD47D12A5DF892002020BD /* EmptyCollectionViewCell.swift */ = {isa = PBXFileReference; lastKnownFileType = sourcecode.swift; path = EmptyCollectionViewCell.swift; sourceTree = "<group>"; };
		09FD47D82A5E5148002020BD /* MySavedBakeryViewController.swift */ = {isa = PBXFileReference; lastKnownFileType = sourcecode.swift; path = MySavedBakeryViewController.swift; sourceTree = "<group>"; };
		09FD47DC2A5E57F2002020BD /* MyReviewsViewController.swift */ = {isa = PBXFileReference; lastKnownFileType = sourcecode.swift; path = MyReviewsViewController.swift; sourceTree = "<group>"; };
		3E16E4F42A57CF3800B813D0 /* WriteReviewDTO.swift */ = {isa = PBXFileReference; lastKnownFileType = sourcecode.swift; path = WriteReviewDTO.swift; sourceTree = "<group>"; };
		3E16E4F92A57D1F400B813D0 /* RecommendationModel.swift */ = {isa = PBXFileReference; lastKnownFileType = sourcecode.swift; path = RecommendationModel.swift; sourceTree = "<group>"; };
		3E16E4FB2A57D24900B813D0 /* LikeModel.swift */ = {isa = PBXFileReference; lastKnownFileType = sourcecode.swift; path = LikeModel.swift; sourceTree = "<group>"; };
		3E16E4FD2A57F06D00B813D0 /* OptionsCollectionViewFlowLayout.swift */ = {isa = PBXFileReference; lastKnownFileType = sourcecode.swift; path = OptionsCollectionViewFlowLayout.swift; sourceTree = "<group>"; };
		3E16E5012A58176800B813D0 /* ReviewDetailTextView.swift */ = {isa = PBXFileReference; lastKnownFileType = sourcecode.swift; path = ReviewDetailTextView.swift; sourceTree = "<group>"; };
		3E2EEF742A5C93010093BCA9 /* BottomView.swift */ = {isa = PBXFileReference; lastKnownFileType = sourcecode.swift; path = BottomView.swift; sourceTree = "<group>"; };
		3E452B662A60E68000EA456D /* MyPageDTO.swift */ = {isa = PBXFileReference; lastKnownFileType = sourcecode.swift; path = MyPageDTO.swift; sourceTree = "<group>"; };
		3E452B682A60FF7900EA456D /* MyPageCollectionViewFooter.swift */ = {isa = PBXFileReference; lastKnownFileType = sourcecode.swift; path = MyPageCollectionViewFooter.swift; sourceTree = "<group>"; };
		3E452B6A2A614AAD00EA456D /* ImageWithSubtitleButton.swift */ = {isa = PBXFileReference; lastKnownFileType = sourcecode.swift; path = ImageWithSubtitleButton.swift; sourceTree = "<group>"; };
		09FD47D82A5E5148002020BD /* MySavedBakeryViewController.swift */ = {isa = PBXFileReference; lastKnownFileType = sourcecode.swift; path = MySavedBakeryViewController.swift; sourceTree = "<group>"; };
		09FD47E12A5E69A2002020BD /* CommonBottomSheet.swift */ = {isa = PBXFileReference; lastKnownFileType = sourcecode.swift; path = CommonBottomSheet.swift; sourceTree = "<group>"; };
		09FD47E32A5E82BB002020BD /* BottomSheetAppearView.swift */ = {isa = PBXFileReference; lastKnownFileType = sourcecode.swift; path = BottomSheetAppearView.swift; sourceTree = "<group>"; };
		3E79B19C2A54523D00D36A26 /* BackButton.swift */ = {isa = PBXFileReference; lastKnownFileType = sourcecode.swift; path = BackButton.swift; sourceTree = "<group>"; };
		3E79B19F2A5546E700D36A26 /* DescriptionCollectionViewCell.swift */ = {isa = PBXFileReference; lastKnownFileType = sourcecode.swift; path = DescriptionCollectionViewCell.swift; sourceTree = "<group>"; };
		3E79B1A52A566F6400D36A26 /* WriteReviewViewController.swift */ = {isa = PBXFileReference; lastKnownFileType = sourcecode.swift; path = WriteReviewViewController.swift; sourceTree = "<group>"; };
		3E79B1AD2A56F14A00D36A26 /* BakeryOverviewView.swift */ = {isa = PBXFileReference; lastKnownFileType = sourcecode.swift; path = BakeryOverviewView.swift; sourceTree = "<group>"; };
		3E79B1B12A571E1F00D36A26 /* OptionsCollectionView.swift */ = {isa = PBXFileReference; lastKnownFileType = sourcecode.swift; path = OptionsCollectionView.swift; sourceTree = "<group>"; };
		3E79B1B42A571E7100D36A26 /* OptionsCollectionViewCell.swift */ = {isa = PBXFileReference; lastKnownFileType = sourcecode.swift; path = OptionsCollectionViewCell.swift; sourceTree = "<group>"; };
		3EA2E1E22A53E88B003516A3 /* BaseViewController.swift */ = {isa = PBXFileReference; lastKnownFileType = sourcecode.swift; path = BaseViewController.swift; sourceTree = "<group>"; };
		3EA2E1EA2A542151003516A3 /* SizeLiteral.swift */ = {isa = PBXFileReference; lastKnownFileType = sourcecode.swift; path = SizeLiteral.swift; sourceTree = "<group>"; };
		3ED40DF82A5FCF3800C7D5DA /* FilterEnum.swift */ = {isa = PBXFileReference; lastKnownFileType = sourcecode.swift; path = FilterEnum.swift; sourceTree = "<group>"; };
		3ED40DFA2A5FD26200C7D5DA /* FilterDTO.swift */ = {isa = PBXFileReference; lastKnownFileType = sourcecode.swift; path = FilterDTO.swift; sourceTree = "<group>"; };
		3ED40DFF2A608B4600C7D5DA /* MyPageCollectionViewCell.swift */ = {isa = PBXFileReference; lastKnownFileType = sourcecode.swift; path = MyPageCollectionViewCell.swift; sourceTree = "<group>"; };
		3ED40E012A608B8600C7D5DA /* MyPageSectionEnum.swift */ = {isa = PBXFileReference; lastKnownFileType = sourcecode.swift; path = MyPageSectionEnum.swift; sourceTree = "<group>"; };
		3ED40E032A608EF000C7D5DA /* MyPageCollectionViewHeader.swift */ = {isa = PBXFileReference; lastKnownFileType = sourcecode.swift; path = MyPageCollectionViewHeader.swift; sourceTree = "<group>"; };
		3ED40E052A60916000C7D5DA /* MyPagePurposeChipView.swift */ = {isa = PBXFileReference; lastKnownFileType = sourcecode.swift; path = MyPagePurposeChipView.swift; sourceTree = "<group>"; };
		3EDC05BD2A5DED4400EAD950 /* FilterPurposeViewController.swift */ = {isa = PBXFileReference; lastKnownFileType = sourcecode.swift; path = FilterPurposeViewController.swift; sourceTree = "<group>"; };
		3EDC05BF2A5DED9200EAD950 /* FilterBreadTypeViewController.swift */ = {isa = PBXFileReference; lastKnownFileType = sourcecode.swift; path = FilterBreadTypeViewController.swift; sourceTree = "<group>"; };
		3EDC05C12A5DED9D00EAD950 /* FilterIngredientViewController.swift */ = {isa = PBXFileReference; lastKnownFileType = sourcecode.swift; path = FilterIngredientViewController.swift; sourceTree = "<group>"; };
		3EDC05C32A5DEE3600EAD950 /* FilterCollectionViewCell.swift */ = {isa = PBXFileReference; lastKnownFileType = sourcecode.swift; path = FilterCollectionViewCell.swift; sourceTree = "<group>"; };
		3EDC05CF2A5E4FF900EAD950 /* String+.swift */ = {isa = PBXFileReference; lastKnownFileType = sourcecode.swift; path = "String+.swift"; sourceTree = "<group>"; };
		3EFA97852A5EBCA9002E70FA /* LineView.swift */ = {isa = PBXFileReference; fileEncoding = 4; lastKnownFileType = sourcecode.swift; path = LineView.swift; sourceTree = "<group>"; };
		3EFA97872A5EBCED002E70FA /* CustomNavigationBar.swift */ = {isa = PBXFileReference; fileEncoding = 4; lastKnownFileType = sourcecode.swift; path = CustomNavigationBar.swift; sourceTree = "<group>"; };
		DF959A5F2A539FBE00E75774 /* Pretendard-Bold.otf */ = {isa = PBXFileReference; lastKnownFileType = file; path = "Pretendard-Bold.otf"; sourceTree = "<group>"; };
		DF959A602A539FBE00E75774 /* Pretendard-Medium.otf */ = {isa = PBXFileReference; lastKnownFileType = file; path = "Pretendard-Medium.otf"; sourceTree = "<group>"; };
		DF959A6B2A568C4600E75774 /* Colors.xcassets */ = {isa = PBXFileReference; lastKnownFileType = folder.assetcatalog; path = Colors.xcassets; sourceTree = "<group>"; };
		DF959A6D2A568C9400E75774 /* UIColor+.swift */ = {isa = PBXFileReference; lastKnownFileType = sourcecode.swift; path = "UIColor+.swift"; sourceTree = "<group>"; };
		DFB587B82A5D584800704B6C /* OnboardingViewController.swift */ = {isa = PBXFileReference; lastKnownFileType = sourcecode.swift; path = OnboardingViewController.swift; sourceTree = "<group>"; };
		DFB587BA2A5D588500704B6C /* DrawDashLineView.swift */ = {isa = PBXFileReference; lastKnownFileType = sourcecode.swift; path = DrawDashLineView.swift; sourceTree = "<group>"; };
/* End PBXFileReference section */

/* Begin PBXFrameworksBuildPhase section */
		098F32DA2A4200FD0092D09A /* Frameworks */ = {
			isa = PBXFrameworksBuildPhase;
			buildActionMask = 2147483647;
			files = (
				090556382A51E16B00752067 /* Then in Frameworks */,
				090556402A51E2C700752067 /* FirebaseCrashlytics in Frameworks */,
				0905563B2A51E17800752067 /* SnapKit in Frameworks */,
				090556432A51E6FC00752067 /* Moya in Frameworks */,
				0905563E2A51E2C700752067 /* FirebaseAnalytics in Frameworks */,
			);
			runOnlyForDeploymentPostprocessing = 0;
		};
/* End PBXFrameworksBuildPhase section */

/* Begin PBXGroup section */
		0905561C2A51DAF900752067 /* Design */ = {
			isa = PBXGroup;
			children = (
				DF959A6D2A568C9400E75774 /* UIColor+.swift */,
				090556212A51DB3300752067 /* UIFont+.swift */,
				0905561F2A51DB2C00752067 /* UIImage+.swift */,
			);
			path = Design;
			sourceTree = "<group>";
		};
		090556232A51DB7A00752067 /* UI */ = {
			isa = PBXGroup;
			children = (
				090556242A51DB9600752067 /* UICollectionView+.swift */,
				090556302A51DDD800752067 /* UITableView+.swift */,
				090556442A51E79B00752067 /* UITextField+.swift */,
				090556462A51E7D900752067 /* UITextView+.swift */,
				090556482A51E7EC00752067 /* UIScreen+.swift */,
				0905564A2A51E81D00752067 /* UIViewController+.swift */,
				097682DB2A5C83910008F4FB /* CGFloat+.swift */,
				090556262A51DBB100752067 /* NSObject+.swift */,
				090556282A51DBC000752067 /* UIView+.swift */,
				0905562A2A51DBCE00752067 /* UIStackView+.swift */,
				0905562C2A51DBE700752067 /* UILabel+.swift */,
				09B13F552A59410C00C0C723 /* CALayer+.swift */,
				09B13F592A5946B700C0C723 /* TabBar+.swift */,
				3EDC05CF2A5E4FF900EAD950 /* String+.swift */,
			);
			path = UI;
			sourceTree = "<group>";
		};
		0915C1732A5C4FEE00ACB8D4 /* StackView */ = {
			isa = PBXGroup;
			children = (
				0915C16D2A5C2EE200ACB8D4 /* MarkStackView.swift */,
				0915C16F2A5C3C5600ACB8D4 /* RegionStackView.swift */,
			);
			path = StackView;
			sourceTree = "<group>";
		};
		0915C1762A5C634000ACB8D4 /* Label */ = {
			isa = PBXGroup;
			children = (
				0915C1712A5C3D3700ACB8D4 /* PaddingLabel.swift */,
			);
			path = Label;
			sourceTree = "<group>";
		};
		093213FC2A5A74C200875EF6 /* Views */ = {
			isa = PBXGroup;
			children = (
				09B71BFF2A59D50900076AC2 /* HomeTopView.swift */,
				09C626572A5B4269002C8110 /* HomeHeaderView.swift */,
			);
			path = Views;
			sourceTree = "<group>";
		};
		093213FD2A5A74D100875EF6 /* TextField */ = {
			isa = PBXGroup;
			children = (
				09B71C012A59D99200076AC2 /* SearchTextField.swift */,
			);
			path = TextField;
			sourceTree = "<group>";
		};
		093214002A5AE26F00875EF6 /* Utils */ = {
			isa = PBXGroup;
			children = (
				093214012A5AE27700875EF6 /* Utils.swift */,
			);
			path = Utils;
			sourceTree = "<group>";
		};
		093214032A5AE3C000875EF6 /* Search */ = {
			isa = PBXGroup;
			children = (
				098716B22A603A8500538D05 /* Model */,
				09FD47C62A5DC97E002020BD /* Views */,
				093214052A5AE3D600875EF6 /* ViewControllers */,
			);
			path = Search;
			sourceTree = "<group>";
		};
		093214052A5AE3D600875EF6 /* ViewControllers */ = {
			isa = PBXGroup;
			children = (
				093214072A5AE40900875EF6 /* SearchViewController.swift */,
				09FD47D12A5DF892002020BD /* EmptyCollectionViewCell.swift */,
			);
			path = ViewControllers;
			sourceTree = "<group>";
		};
		0961C35F2A501E110031A822 /* Application */ = {
			isa = PBXGroup;
			children = (
				098F32E02A4200FD0092D09A /* AppDelegate.swift */,
				098F32E22A4200FD0092D09A /* SceneDelegate.swift */,
			);
			path = Application;
			sourceTree = "<group>";
		};
		0961C3602A501E9F0031A822 /* Global */ = {
			isa = PBXGroup;
			children = (
				09CA3EF62A56738A0063897A /* Protocol */,
				0961C3662A501EDD0031A822 /* Network */,
				0961C3652A501ED40031A822 /* Extensions */,
				0961C3622A501EB50031A822 /* Literals */,
				DF959A672A56851000E75774 /* Enum */,
				093214002A5AE26F00875EF6 /* Utils */,
			);
			path = Global;
			sourceTree = "<group>";
		};
		0961C3622A501EB50031A822 /* Literals */ = {
			isa = PBXGroup;
			children = (
				0961C3632A501EBF0031A822 /* Strings.swift */,
				3EA2E1EA2A542151003516A3 /* SizeLiteral.swift */,
			);
			path = Literals;
			sourceTree = "<group>";
		};
		0961C3652A501ED40031A822 /* Extensions */ = {
			isa = PBXGroup;
			children = (
				090556232A51DB7A00752067 /* UI */,
				0905561C2A51DAF900752067 /* Design */,
			);
			path = Extensions;
			sourceTree = "<group>";
		};
		0961C3662A501EDD0031A822 /* Network */ = {
			isa = PBXGroup;
			children = (
				3E16E4F22A57CE2B00B813D0 /* Model */,
				0961C3692A501EF00031A822 /* Base */,
				0961C3682A501EE90031A822 /* API */,
				0961C3672A501EE40031A822 /* Service */,
			);
			path = Network;
			sourceTree = "<group>";
		};
		0961C3672A501EE40031A822 /* Service */ = {
			isa = PBXGroup;
			children = (
				09CA3F072A569EBA0063897A /* Service.swift */,
			);
			path = Service;
			sourceTree = "<group>";
		};
		0961C3682A501EE90031A822 /* API */ = {
			isa = PBXGroup;
			children = (
				09CA3F052A569EB30063897A /* API.swift */,
			);
			path = API;
			sourceTree = "<group>";
		};
		0961C3692A501EF00031A822 /* Base */ = {
			isa = PBXGroup;
			children = (
				09CA3EFB2A569E4A0063897A /* URLConstant.swift */,
			);
			path = Base;
			sourceTree = "<group>";
		};
		0961C36A2A501EF60031A822 /* Presentation */ = {
			isa = PBXGroup;
			children = (
				3EDC05BA2A5DEB7500EAD950 /* Filter */,
				DFB587B72A5D580B00704B6C /* Onboarding */,
				3E79B1A42A566F0700D36A26 /* WriteReview */,
				09FD47D62A5E511F002020BD /* MySavedBakery */,
				09FD47DA2A5E57CC002020BD /* MyReviews */,
				093214032A5AE3C000875EF6 /* Search */,
				09B13F492A593C5900C0C723 /* Home */,
				09B13F4D2A593C7600C0C723 /* BakeryList */,
				09B13F512A593CC200C0C723 /* MyPage */,
				3EA2E1E02A53E864003516A3 /* Common */,
				09B13F462A5931A300C0C723 /* Tabbar */,
			);
			path = Presentation;
			sourceTree = "<group>";
		};
		0961C36B2A501F050031A822 /* Resource */ = {
			isa = PBXGroup;
			children = (
				0961C36F2A501F4C0031A822 /* Storyboard */,
				DF959A6A2A568BAA00E75774 /* Colors */,
				0961C36D2A501F380031A822 /* Fonts */,
				0961C36C2A501F280031A822 /* Assets */,
				098F32EE2A4200FE0092D09A /* Info.plist */,
				099FC1C52A51F19300116D00 /* GoogleService-Info.plist */,
			);
			path = Resource;
			sourceTree = "<group>";
		};
		0961C36C2A501F280031A822 /* Assets */ = {
			isa = PBXGroup;
			children = (
				098F32E92A4200FE0092D09A /* Assets.xcassets */,
			);
			path = Assets;
			sourceTree = "<group>";
		};
		0961C36D2A501F380031A822 /* Fonts */ = {
			isa = PBXGroup;
			children = (
				DF959A5F2A539FBE00E75774 /* Pretendard-Bold.otf */,
				DF959A602A539FBE00E75774 /* Pretendard-Medium.otf */,
			);
			path = Fonts;
			sourceTree = "<group>";
		};
		0961C36F2A501F4C0031A822 /* Storyboard */ = {
			isa = PBXGroup;
			children = (
				098F32EB2A4200FE0092D09A /* LaunchScreen.storyboard */,
			);
			path = Storyboard;
			sourceTree = "<group>";
		};
		097682D82A5C828E0008F4FB /* ImageView */ = {
			isa = PBXGroup;
			children = (
				097682D92A5C829D0008F4FB /* GradientImageView.swift */,
			);
			path = ImageView;
			sourceTree = "<group>";
		};
		097682DD2A5C91050008F4FB /* Model */ = {
			isa = PBXGroup;
			children = (
				097682E42A5C99340008F4FB /* BakeryFilterItems.swift */,
				097682DE2A5C91280008F4FB /* BakeryListResponseDTO.swift */,
			);
			path = Model;
			sourceTree = "<group>";
		};
		0979852E2A5D9DBF004263E5 /* Views */ = {
			isa = PBXGroup;
			children = (
				097682E82A5D0B6B0008F4FB /* BakeryListTopView.swift */,
				097682E62A5CF0080008F4FB /* BakeryFilterView.swift */,
			);
			path = Views;
			sourceTree = "<group>";
		};
		098716B22A603A8500538D05 /* Model */ = {
			isa = PBXGroup;
			children = (
				098716B32A6061F500538D05 /* SearchResponseDTO.swift */,
			);
			path = Model;
			sourceTree = "<group>";
		};
		098716B92A613B6A00538D05 /* Views */ = {
			isa = PBXGroup;
			children = (
				098716B72A6138BD00538D05 /* MyReviewsHeaderView.swift */,
			);
			path = Views;
			sourceTree = "<group>";
		};
		098F32D42A4200FD0092D09A = {
			isa = PBXGroup;
			children = (
				090668F72A4FF1D900F413FA /* .swiftlint.yml */,
				098F32DF2A4200FD0092D09A /* GEON-PPANG-iOS */,
				098F32DE2A4200FD0092D09A /* Products */,
			);
			sourceTree = "<group>";
		};
		098F32DE2A4200FD0092D09A /* Products */ = {
			isa = PBXGroup;
			children = (
				098F32DD2A4200FD0092D09A /* GEON-PPANG-iOS.app */,
			);
			name = Products;
			sourceTree = "<group>";
		};
		098F32DF2A4200FD0092D09A /* GEON-PPANG-iOS */ = {
			isa = PBXGroup;
			children = (
				0961C35F2A501E110031A822 /* Application */,
				0961C3602A501E9F0031A822 /* Global */,
				0961C36A2A501EF60031A822 /* Presentation */,
				0961C36B2A501F050031A822 /* Resource */,
			);
			path = "GEON-PPANG-iOS";
			sourceTree = "<group>";
		};
		09B13F462A5931A300C0C723 /* Tabbar */ = {
			isa = PBXGroup;
			children = (
				09B13F472A5931DC00C0C723 /* TabBarController.swift */,
			);
			path = Tabbar;
			sourceTree = "<group>";
		};
		09B13F492A593C5900C0C723 /* Home */ = {
			isa = PBXGroup;
			children = (
				093213FC2A5A74C200875EF6 /* Views */,
				09B13F4A2A593C6300C0C723 /* ViewControllers */,
				09C626522A5B33A8002C8110 /* Model */,
			);
			path = Home;
			sourceTree = "<group>";
		};
		09B13F4A2A593C6300C0C723 /* ViewControllers */ = {
			isa = PBXGroup;
			children = (
				09B13F4B2A593C6F00C0C723 /* HomeViewController.swift */,
				0924632E2A5BA0F200B6F65D /* HomeBakeryCollectionViewCell.swift */,
				0915C1742A5C533900ACB8D4 /* HomeReviewCollectionViewCell.swift */,
				0915C1692A5BFC5900ACB8D4 /* HomeBottomCollectionViewCell.swift */,
			);
			path = ViewControllers;
			sourceTree = "<group>";
		};
		09B13F4D2A593C7600C0C723 /* BakeryList */ = {
			isa = PBXGroup;
			children = (
				0979852E2A5D9DBF004263E5 /* Views */,
				09B13F4E2A593CAE00C0C723 /* ViewControllers */,
			);
			path = BakeryList;
			sourceTree = "<group>";
		};
		09B13F4E2A593CAE00C0C723 /* ViewControllers */ = {
			isa = PBXGroup;
			children = (
				09B13F4F2A593CB800C0C723 /* BakeryListViewController.swift */,
				097682E22A5C95750008F4FB /* BakeryFilterCollectionViewCell.swift */,
				097682EA2A5D12BD0008F4FB /* BakeryListCollectionViewCell.swift */,
				097682DD2A5C91050008F4FB /* Model */,
			);
			path = ViewControllers;
			sourceTree = "<group>";
		};
		09B13F512A593CC200C0C723 /* MyPage */ = {
			isa = PBXGroup;
			children = (
				3ED40DFD2A608B2F00C7D5DA /* Model */,
				3ED40DFC2A608B2B00C7D5DA /* View */,
				09B13F522A593CC800C0C723 /* ViewControllers */,
			);
			path = MyPage;
			sourceTree = "<group>";
		};
		09B13F522A593CC800C0C723 /* ViewControllers */ = {
			isa = PBXGroup;
			children = (
				09B13F532A593CD300C0C723 /* MyPageViewController.swift */,
			);
			path = ViewControllers;
			sourceTree = "<group>";
		};
		09C626522A5B33A8002C8110 /* Model */ = {
			isa = PBXGroup;
			children = (
				09C626532A5B344B002C8110 /* HomeBestBakeryResponseDTO.swift */,
				09C626552A5B3572002C8110 /* HomeBestReviewResponseDTO.swift */,
			);
			path = Model;
			sourceTree = "<group>";
		};
		09CA3EF62A56738A0063897A /* Protocol */ = {
			isa = PBXGroup;
			children = (
				098716B52A60F52200538D05 /* BakeryTypeProtocol.swift */,
			);
			path = Protocol;
			sourceTree = "<group>";
		};
		09FD47C62A5DC97E002020BD /* Views */ = {
			isa = PBXGroup;
			children = (
				09FD47C72A5DC991002020BD /* SearchNavigationView.swift */,
				09FD47C92A5DD38D002020BD /* SearchResultView.swift */,
			);
			path = Views;
			sourceTree = "<group>";
		};
		09FD47D62A5E511F002020BD /* MySavedBakery */ = {
			isa = PBXGroup;
			children = (
				09FD47D72A5E5132002020BD /* ViewControllers */,
			);
			path = MySavedBakery;
			sourceTree = "<group>";
		};
		09FD47D72A5E5132002020BD /* ViewControllers */ = {
			isa = PBXGroup;
			children = (
				09FD47D82A5E5148002020BD /* MySavedBakeryViewController.swift */,
			);
			path = ViewControllers;
			sourceTree = "<group>";
		};
		09FD47DA2A5E57CC002020BD /* MyReviews */ = {
			isa = PBXGroup;
			children = (
				098716B92A613B6A00538D05 /* Views */,
				09FD47DB2A5E57E3002020BD /* ViewControllers */,
			);
			path = MyReviews;
			sourceTree = "<group>";
		};
		09FD47DB2A5E57E3002020BD /* ViewControllers */ = {
			isa = PBXGroup;
			children = (
				09FD47DC2A5E57F2002020BD /* MyReviewsViewController.swift */,
			);
			path = ViewControllers;
			sourceTree = "<group>";
		};
		3E16E4F22A57CE2B00B813D0 /* Model */ = {
			isa = PBXGroup;
			children = (
				3E16E4F32A57CEF400B813D0 /* Bakery */,
			);
			path = Model;
			sourceTree = "<group>";
		};
		3E16E4F32A57CEF400B813D0 /* Bakery */ = {
			isa = PBXGroup;
			children = (
			);
			path = Bakery;
			sourceTree = "<group>";
		};
		3E16E4F62A57D10300B813D0 /* ViewController */ = {
			isa = PBXGroup;
			children = (
				3E79B1A52A566F6400D36A26 /* WriteReviewViewController.swift */,
			);
			path = ViewController;
			sourceTree = "<group>";
		};
		3E16E4F72A57D11700B813D0 /* View */ = {
			isa = PBXGroup;
			children = (
				3E79B1B32A571E2700D36A26 /* OptionsCollection */,
				3E79B1AD2A56F14A00D36A26 /* BakeryOverviewView.swift */,
				3E16E5012A58176800B813D0 /* ReviewDetailTextView.swift */,
			);
			path = View;
			sourceTree = "<group>";
		};
		3E16E4F82A57D11B00B813D0 /* Model */ = {
			isa = PBXGroup;
			children = (
				3E16E4FB2A57D24900B813D0 /* LikeModel.swift */,
				3E16E4F92A57D1F400B813D0 /* RecommendationModel.swift */,
				3E16E4F42A57CF3800B813D0 /* WriteReviewDTO.swift */,
			);
			path = Model;
			sourceTree = "<group>";
		};
		3E2EEF722A5C928F0093BCA9 /* View */ = {
			isa = PBXGroup;
			children = (
				3EFA97852A5EBCA9002E70FA /* LineView.swift */,
				3E2EEF742A5C93010093BCA9 /* BottomView.swift */,
			);
			path = View;
			sourceTree = "<group>";
		};
		3E2EEF732A5C92980093BCA9 /* NavigationBar */ = {
			isa = PBXGroup;
			children = (
				3EFA97872A5EBCED002E70FA /* CustomNavigationBar.swift */,
			);
			path = NavigationBar;
			sourceTree = "<group>";
		};
		09FD47E02A5E698D002020BD /* BottomSheet */ = {
			isa = PBXGroup;
			children = (
				09FD47E12A5E69A2002020BD /* CommonBottomSheet.swift */,
				09FD47E32A5E82BB002020BD /* BottomSheetAppearView.swift */,
			);
			path = BottomSheet;
			sourceTree = "<group>";
		};
		3E79B19B2A54523400D36A26 /* Button */ = {
			isa = PBXGroup;
			children = (
				3E79B19C2A54523D00D36A26 /* BackButton.swift */,
				0987288C2A5BA1F000A29402 /* BookmarkButton.swift */,
				09CA3EF72A5676AA0063897A /* CommonButton.swift */,
			);
			path = Button;
			sourceTree = "<group>";
		};
		3E79B19E2A55468500D36A26 /* Cell */ = {
			isa = PBXGroup;
			children = (
				3E79B19F2A5546E700D36A26 /* DescriptionCollectionViewCell.swift */,
			);
			path = Cell;
			sourceTree = "<group>";
		};
		3E79B1A42A566F0700D36A26 /* WriteReview */ = {
			isa = PBXGroup;
			children = (
				3E16E4F82A57D11B00B813D0 /* Model */,
				3E16E4F72A57D11700B813D0 /* View */,
				3E16E4F62A57D10300B813D0 /* ViewController */,
			);
			path = WriteReview;
			sourceTree = "<group>";
		};
		3E79B1B32A571E2700D36A26 /* OptionsCollection */ = {
			isa = PBXGroup;
			children = (
				3E79B1B12A571E1F00D36A26 /* OptionsCollectionView.swift */,
				3E79B1B42A571E7100D36A26 /* OptionsCollectionViewCell.swift */,
				3E16E4FD2A57F06D00B813D0 /* OptionsCollectionViewFlowLayout.swift */,
			);
			path = OptionsCollection;
			sourceTree = "<group>";
		};
		3EA2E1E02A53E864003516A3 /* Common */ = {
			isa = PBXGroup;
			children = (
				09FD47E02A5E698D002020BD /* BottomSheet */,
				3E2EEF722A5C928F0093BCA9 /* View */,
				093213FD2A5A74D100875EF6 /* TextField */,
				3E79B19E2A55468500D36A26 /* Cell */,
				0915C1732A5C4FEE00ACB8D4 /* StackView */,
				0915C1762A5C634000ACB8D4 /* Label */,
				097682D82A5C828E0008F4FB /* ImageView */,
				3E79B19B2A54523400D36A26 /* Button */,
				3EA2E1E12A53E880003516A3 /* Base */,
				DFB587BA2A5D588500704B6C /* DrawDashLineView.swift */,
				3E2EEF732A5C92980093BCA9 /* NavigationBar */,
			);
			path = Common;
			sourceTree = "<group>";
		};
		3EA2E1E12A53E880003516A3 /* Base */ = {
			isa = PBXGroup;
			children = (
				3EA2E1E22A53E88B003516A3 /* BaseViewController.swift */,
			);
			path = Base;
			sourceTree = "<group>";
		};
		3ED40DFC2A608B2B00C7D5DA /* View */ = {
			isa = PBXGroup;
			children = (
				3ED40DFF2A608B4600C7D5DA /* MyPageCollectionViewCell.swift */,
				3ED40E032A608EF000C7D5DA /* MyPageCollectionViewHeader.swift */,
				3ED40E052A60916000C7D5DA /* MyPagePurposeChipView.swift */,
				3E452B682A60FF7900EA456D /* MyPageCollectionViewFooter.swift */,
				3E452B6A2A614AAD00EA456D /* ImageWithSubtitleButton.swift */,
			);
			path = View;
			sourceTree = "<group>";
		};
		3ED40DFD2A608B2F00C7D5DA /* Model */ = {
			isa = PBXGroup;
			children = (
				3E452B662A60E68000EA456D /* MyPageDTO.swift */,
			);
			path = Model;
			sourceTree = "<group>";
		};
		3EDC05BA2A5DEB7500EAD950 /* Filter */ = {
			isa = PBXGroup;
			children = (
				3EDC05C82A5DF25900EAD950 /* Model */,
				3EDC05BC2A5DEB7F00EAD950 /* Views */,
				3EDC05BB2A5DEB7B00EAD950 /* ViewControllers */,
			);
			path = Filter;
			sourceTree = "<group>";
		};
		3EDC05BB2A5DEB7B00EAD950 /* ViewControllers */ = {
			isa = PBXGroup;
			children = (
				3EDC05BD2A5DED4400EAD950 /* FilterPurposeViewController.swift */,
				3EDC05BF2A5DED9200EAD950 /* FilterBreadTypeViewController.swift */,
				3EDC05C12A5DED9D00EAD950 /* FilterIngredientViewController.swift */,
			);
			path = ViewControllers;
			sourceTree = "<group>";
		};
		3EDC05BC2A5DEB7F00EAD950 /* Views */ = {
			isa = PBXGroup;
			children = (
				3EDC05C32A5DEE3600EAD950 /* FilterCollectionViewCell.swift */,
			);
			path = Views;
			sourceTree = "<group>";
		};
		3EDC05C82A5DF25900EAD950 /* Model */ = {
			isa = PBXGroup;
			children = (
				3ED40DFA2A5FD26200C7D5DA /* FilterDTO.swift */,
			);
			path = Model;
			sourceTree = "<group>";
		};
		DF959A672A56851000E75774 /* Enum */ = {
			isa = PBXGroup;
			children = (
				09C6264D2A5B29F8002C8110 /* SearchEnum.swift */,
				09B13F572A59433500C0C723 /* TabBarItem.swift */,
				3ED40DF82A5FCF3800C7D5DA /* FilterEnum.swift */,
				3ED40E012A608B8600C7D5DA /* MyPageSectionEnum.swift */,
			);
			path = Enum;
			sourceTree = "<group>";
		};
		DF959A6A2A568BAA00E75774 /* Colors */ = {
			isa = PBXGroup;
			children = (
				DF959A6B2A568C4600E75774 /* Colors.xcassets */,
			);
			path = Colors;
			sourceTree = "<group>";
		};
		DFB587B72A5D580B00704B6C /* Onboarding */ = {
			isa = PBXGroup;
			children = (
				DFB587B82A5D584800704B6C /* OnboardingViewController.swift */,
			);
			path = Onboarding;
			sourceTree = "<group>";
		};
/* End PBXGroup section */

/* Begin PBXNativeTarget section */
		098F32DC2A4200FD0092D09A /* GEON-PPANG-iOS */ = {
			isa = PBXNativeTarget;
			buildConfigurationList = 098F32F12A4200FE0092D09A /* Build configuration list for PBXNativeTarget "GEON-PPANG-iOS" */;
			buildPhases = (
				0983A5E22A4FF10900E19981 /* SwiftLint Script */,
				098F32D92A4200FD0092D09A /* Sources */,
				098F32DA2A4200FD0092D09A /* Frameworks */,
				098F32DB2A4200FD0092D09A /* Resources */,
				099FC1C92A51F23B00116D00 /* Firebase Crashlytics */,
			);
			buildRules = (
			);
			dependencies = (
			);
			name = "GEON-PPANG-iOS";
			packageProductDependencies = (
				090556372A51E16B00752067 /* Then */,
				0905563A2A51E17800752067 /* SnapKit */,
				0905563D2A51E2C700752067 /* FirebaseAnalytics */,
				0905563F2A51E2C700752067 /* FirebaseCrashlytics */,
				090556422A51E6FC00752067 /* Moya */,
			);
			productName = "GEON-PPANG-iOS";
			productReference = 098F32DD2A4200FD0092D09A /* GEON-PPANG-iOS.app */;
			productType = "com.apple.product-type.application";
		};
/* End PBXNativeTarget section */

/* Begin PBXProject section */
		098F32D52A4200FD0092D09A /* Project object */ = {
			isa = PBXProject;
			attributes = {
				BuildIndependentTargetsInParallel = 1;
				LastSwiftUpdateCheck = 1420;
				LastUpgradeCheck = 1430;
				TargetAttributes = {
					098F32DC2A4200FD0092D09A = {
						CreatedOnToolsVersion = 14.2;
					};
				};
			};
			buildConfigurationList = 098F32D82A4200FD0092D09A /* Build configuration list for PBXProject "GEON-PPANG-iOS" */;
			compatibilityVersion = "Xcode 14.0";
			developmentRegion = en;
			hasScannedForEncodings = 0;
			knownRegions = (
				en,
				Base,
			);
			mainGroup = 098F32D42A4200FD0092D09A;
			packageReferences = (
				090556362A51E16B00752067 /* XCRemoteSwiftPackageReference "Then" */,
				090556392A51E17800752067 /* XCRemoteSwiftPackageReference "SnapKit" */,
				0905563C2A51E2C700752067 /* XCRemoteSwiftPackageReference "firebase-ios-sdk" */,
				090556412A51E6FC00752067 /* XCRemoteSwiftPackageReference "Moya" */,
			);
			productRefGroup = 098F32DE2A4200FD0092D09A /* Products */;
			projectDirPath = "";
			projectRoot = "";
			targets = (
				098F32DC2A4200FD0092D09A /* GEON-PPANG-iOS */,
			);
		};
/* End PBXProject section */

/* Begin PBXResourcesBuildPhase section */
		098F32DB2A4200FD0092D09A /* Resources */ = {
			isa = PBXResourcesBuildPhase;
			buildActionMask = 2147483647;
			files = (
				099FC1C62A51F19300116D00 /* GoogleService-Info.plist in Resources */,
				DF959A612A539FBE00E75774 /* Pretendard-Bold.otf in Resources */,
				090668F82A4FF1D900F413FA /* .swiftlint.yml in Resources */,
				098F32ED2A4200FE0092D09A /* LaunchScreen.storyboard in Resources */,
				098F32EA2A4200FE0092D09A /* Assets.xcassets in Resources */,
				DF959A622A539FBE00E75774 /* Pretendard-Medium.otf in Resources */,
				DF959A6C2A568C4600E75774 /* Colors.xcassets in Resources */,
			);
			runOnlyForDeploymentPostprocessing = 0;
		};
/* End PBXResourcesBuildPhase section */

/* Begin PBXShellScriptBuildPhase section */
		0983A5E22A4FF10900E19981 /* SwiftLint Script */ = {
			isa = PBXShellScriptBuildPhase;
			alwaysOutOfDate = 1;
			buildActionMask = 2147483647;
			files = (
			);
			inputFileListPaths = (
			);
			inputPaths = (
			);
			name = "SwiftLint Script";
			outputFileListPaths = (
			);
			outputPaths = (
			);
			runOnlyForDeploymentPostprocessing = 0;
			shellPath = /bin/sh;
			shellScript = "export PATH=\"$PATH:/opt/homebrew/bin\"\nif which swiftlint >/dev/null; then\n    swiftlint\nelse \n    echo \"warning: SwiftLint not installed, download form https://github.com/realm/SwiftLint\"\nfi\n";
		};
		099FC1C92A51F23B00116D00 /* Firebase Crashlytics */ = {
			isa = PBXShellScriptBuildPhase;
			buildActionMask = 2147483647;
			files = (
			);
			inputFileListPaths = (
			);
			inputPaths = (
				"${DWARF_DSYM_FOLDER_PATH}/${DWARF_DSYM_FILE_NAME}/Contents/Resources/DWARF/${TARGET_NAME}\n",
				"$(SRCROOT)/$(BUILT_PRODUCTS_DIR)/$(INFOPLIST_PATH)\n",
			);
			name = "Firebase Crashlytics";
			outputFileListPaths = (
			);
			outputPaths = (
			);
			runOnlyForDeploymentPostprocessing = 0;
			shellPath = /bin/sh;
			shellScript = "# Type a script or drag a script file from your workspace to insert its path.\n\"${BUILD_DIR%/Build/*}/SourcePackages/checkouts/firebase-ios-sdk/Crashlytics/run\"\n\n";
		};
/* End PBXShellScriptBuildPhase section */

/* Begin PBXSourcesBuildPhase section */
		098F32D92A4200FD0092D09A /* Sources */ = {
			isa = PBXSourcesBuildPhase;
			buildActionMask = 2147483647;
			files = (
				3EFA97882A5EBCED002E70FA /* CustomNavigationBar.swift in Sources */,
				0915C1702A5C3C5600ACB8D4 /* RegionStackView.swift in Sources */,
				3E16E4FC2A57D24900B813D0 /* LikeModel.swift in Sources */,
				3E79B1AE2A56F14A00D36A26 /* BakeryOverviewView.swift in Sources */,
				3ED40E042A608EF000C7D5DA /* MyPageCollectionViewHeader.swift in Sources */,
				3E16E4FA2A57D1F400B813D0 /* RecommendationModel.swift in Sources */,
				3E452B6B2A614AAE00EA456D /* ImageWithSubtitleButton.swift in Sources */,
				3E79B1A62A566F6400D36A26 /* WriteReviewViewController.swift in Sources */,
				097682E72A5CF0080008F4FB /* BakeryFilterView.swift in Sources */,
				3ED40DFB2A5FD26200C7D5DA /* FilterDTO.swift in Sources */,
				090556292A51DBC000752067 /* UIView+.swift in Sources */,
				090556292A51DBC000752067 /* UIView+.swift in Sources */,
				090668FC2A4FF3C600F413FA /* AppDelegate.swift in Sources */,
				3EDC05C02A5DED9200EAD950 /* FilterBreadTypeViewController.swift in Sources */,
				09FD47C82A5DC991002020BD /* SearchNavigationView.swift in Sources */,
				090668FD2A4FF3C600F413FA /* SceneDelegate.swift in Sources */,
				097682DC2A5C83910008F4FB /* CGFloat+.swift in Sources */,
				3ED40DF92A5FCF3800C7D5DA /* FilterEnum.swift in Sources */,
				0924632F2A5BA0F200B6F65D /* HomeBakeryCollectionViewCell.swift in Sources */,
				097682E92A5D0B6B0008F4FB /* BakeryListTopView.swift in Sources */,
				09B13F5A2A5946B700C0C723 /* TabBar+.swift in Sources */,
				097682DF2A5C91280008F4FB /* BakeryListResponseDTO.swift in Sources */,
				09B71C002A59D50900076AC2 /* HomeTopView.swift in Sources */,
				090556492A51E7EC00752067 /* UIScreen+.swift in Sources */,
				09B71C022A59D99200076AC2 /* SearchTextField.swift in Sources */,
				09B13F482A5931DC00C0C723 /* TabBarController.swift in Sources */,
				3E2EEF752A5C93010093BCA9 /* BottomView.swift in Sources */,
				0961C3642A501EBF0031A822 /* Strings.swift in Sources */,
				093214082A5AE40900875EF6 /* SearchViewController.swift in Sources */,
				09B13F542A593CD300C0C723 /* MyPageViewController.swift in Sources */,
				097682E32A5C95750008F4FB /* BakeryFilterCollectionViewCell.swift in Sources */,
				3EDC05C42A5DEE3600EAD950 /* FilterCollectionViewCell.swift in Sources */,
				3E79B19D2A54523D00D36A26 /* BackButton.swift in Sources */,
				09CA3EF82A5676AA0063897A /* CommonButton.swift in Sources */,
				3EA2E1E32A53E88B003516A3 /* BaseViewController.swift in Sources */,
				09C626582A5B4269002C8110 /* HomeHeaderView.swift in Sources */,
				0915C1722A5C3D3700ACB8D4 /* PaddingLabel.swift in Sources */,
				DFB587BB2A5D588500704B6C /* DrawDashLineView.swift in Sources */,
				090556222A51DB3300752067 /* UIFont+.swift in Sources */,
				09CA3EFC2A569E4A0063897A /* URLConstant.swift in Sources */,
				3EDC05BE2A5DED4400EAD950 /* FilterPurposeViewController.swift in Sources */,
				3EDC05C22A5DED9D00EAD950 /* FilterIngredientViewController.swift in Sources */,
				09C6264E2A5B29F8002C8110 /* SearchEnum.swift in Sources */,
				0915C16A2A5BFC5900ACB8D4 /* HomeBottomCollectionViewCell.swift in Sources */,
				09CA3F082A569EBA0063897A /* Service.swift in Sources */,
				098716B82A6138BD00538D05 /* MyReviewsHeaderView.swift in Sources */,
				09B13F4C2A593C6F00C0C723 /* HomeViewController.swift in Sources */,
				09C626542A5B344B002C8110 /* HomeBestBakeryResponseDTO.swift in Sources */,
				0915C16E2A5C2EE200ACB8D4 /* MarkStackView.swift in Sources */,
				0905564B2A51E81D00752067 /* UIViewController+.swift in Sources */,
				0915C1752A5C533900ACB8D4 /* HomeReviewCollectionViewCell.swift in Sources */,
				097682DA2A5C829D0008F4FB /* GradientImageView.swift in Sources */,
				09FD47DD2A5E57F2002020BD /* MyReviewsViewController.swift in Sources */,
				3EA2E1EB2A542151003516A3 /* SizeLiteral.swift in Sources */,
				3EFA97862A5EBCA9002E70FA /* LineView.swift in Sources */,
				0987288D2A5BA1F000A29402 /* BookmarkButton.swift in Sources */,
				090556202A51DB2C00752067 /* UIImage+.swift in Sources */,
				09FD47E22A5E69A2002020BD /* CommonBottomSheet.swift in Sources */,
				09B71BFC2A59CF3E00076AC2 /* Protocol.swift in Sources */,
				0905562D2A51DBE700752067 /* UILabel+.swift in Sources */,
				090556252A51DB9600752067 /* UICollectionView+.swift in Sources */,
				098716B62A60F52200538D05 /* BakeryTypeProtocol.swift in Sources */,
				09B13F582A59433500C0C723 /* TabBarItem.swift in Sources */,
				09B13F502A593CB800C0C723 /* BakeryListViewController.swift in Sources */,
				09FD47D92A5E5148002020BD /* MySavedBakeryViewController.swift in Sources */,
				093214022A5AE27800875EF6 /* Utils.swift in Sources */,
				097682EB2A5D12BD0008F4FB /* BakeryListCollectionViewCell.swift in Sources */,
				090556452A51E79B00752067 /* UITextField+.swift in Sources */,
				3E16E5022A58176800B813D0 /* ReviewDetailTextView.swift in Sources */,
				09CA3F062A569EB30063897A /* API.swift in Sources */,
				DFB587B92A5D584800704B6C /* OnboardingViewController.swift in Sources */,
				DF959A6E2A568C9400E75774 /* UIColor+.swift in Sources */,
				3E452B672A60E68000EA456D /* MyPageDTO.swift in Sources */,
				09C626562A5B3572002C8110 /* HomeBestReviewResponseDTO.swift in Sources */,
				090556472A51E7D900752067 /* UITextView+.swift in Sources */,
				3EDC05D02A5E4FF900EAD950 /* String+.swift in Sources */,
				09FD47E42A5E82BB002020BD /* BottomSheetAppearView.swift in Sources */,
				0905562B2A51DBCE00752067 /* UIStackView+.swift in Sources */,
				090556312A51DDD800752067 /* UITableView+.swift in Sources */,
				09B13F562A59410C00C0C723 /* CALayer+.swift in Sources */,
				090556312A51DDD800752067 /* UITableView+.swift in Sources */,
				3E16E4FE2A57F06D00B813D0 /* OptionsCollectionViewFlowLayout.swift in Sources */,
				3E79B1B22A571E1F00D36A26 /* OptionsCollectionView.swift in Sources */,
				3E79B1B52A571E7100D36A26 /* OptionsCollectionViewCell.swift in Sources */,
				090556312A51DDD800752067 /* UITableView+.swift in Sources */,
				3ED40E002A608B4700C7D5DA /* MyPageCollectionViewCell.swift in Sources */,
				097682E52A5C99340008F4FB /* BakeryFilterItems.swift in Sources */,
				098716B42A6061F500538D05 /* SearchResponseDTO.swift in Sources */,
				09FD47D22A5DF892002020BD /* EmptyCollectionViewCell.swift in Sources */,
				3ED40E062A60916000C7D5DA /* MyPagePurposeChipView.swift in Sources */,
				090556272A51DBB100752067 /* NSObject+.swift in Sources */,
				3E79B1A02A5546E700D36A26 /* DescriptionCollectionViewCell.swift in Sources */,
				3ED40E022A608B8600C7D5DA /* MyPageSectionEnum.swift in Sources */,
				3E452B692A60FF7900EA456D /* MyPageCollectionViewFooter.swift in Sources */,
				3E16E4F52A57CF3800B813D0 /* WriteReviewDTO.swift in Sources */,
				09FD47CA2A5DD38D002020BD /* SearchResultView.swift in Sources */,
			);
			runOnlyForDeploymentPostprocessing = 0;
		};
/* End PBXSourcesBuildPhase section */

/* Begin PBXVariantGroup section */
		098F32EB2A4200FE0092D09A /* LaunchScreen.storyboard */ = {
			isa = PBXVariantGroup;
			children = (
				098F32EC2A4200FE0092D09A /* Base */,
			);
			name = LaunchScreen.storyboard;
			sourceTree = "<group>";
		};
/* End PBXVariantGroup section */

/* Begin XCBuildConfiguration section */
		098F32EF2A4200FE0092D09A /* Debug */ = {
			isa = XCBuildConfiguration;
			buildSettings = {
				ALWAYS_SEARCH_USER_PATHS = NO;
				CLANG_ANALYZER_NONNULL = YES;
				CLANG_ANALYZER_NUMBER_OBJECT_CONVERSION = YES_AGGRESSIVE;
				CLANG_CXX_LANGUAGE_STANDARD = "gnu++20";
				CLANG_ENABLE_MODULES = YES;
				CLANG_ENABLE_OBJC_ARC = YES;
				CLANG_ENABLE_OBJC_WEAK = YES;
				CLANG_WARN_BLOCK_CAPTURE_AUTORELEASING = YES;
				CLANG_WARN_BOOL_CONVERSION = YES;
				CLANG_WARN_COMMA = YES;
				CLANG_WARN_CONSTANT_CONVERSION = YES;
				CLANG_WARN_DEPRECATED_OBJC_IMPLEMENTATIONS = YES;
				CLANG_WARN_DIRECT_OBJC_ISA_USAGE = YES_ERROR;
				CLANG_WARN_DOCUMENTATION_COMMENTS = YES;
				CLANG_WARN_EMPTY_BODY = YES;
				CLANG_WARN_ENUM_CONVERSION = YES;
				CLANG_WARN_INFINITE_RECURSION = YES;
				CLANG_WARN_INT_CONVERSION = YES;
				CLANG_WARN_NON_LITERAL_NULL_CONVERSION = YES;
				CLANG_WARN_OBJC_IMPLICIT_RETAIN_SELF = YES;
				CLANG_WARN_OBJC_LITERAL_CONVERSION = YES;
				CLANG_WARN_OBJC_ROOT_CLASS = YES_ERROR;
				CLANG_WARN_QUOTED_INCLUDE_IN_FRAMEWORK_HEADER = YES;
				CLANG_WARN_RANGE_LOOP_ANALYSIS = YES;
				CLANG_WARN_STRICT_PROTOTYPES = YES;
				CLANG_WARN_SUSPICIOUS_MOVE = YES;
				CLANG_WARN_UNGUARDED_AVAILABILITY = YES_AGGRESSIVE;
				CLANG_WARN_UNREACHABLE_CODE = YES;
				CLANG_WARN__DUPLICATE_METHOD_MATCH = YES;
				COPY_PHASE_STRIP = NO;
				DEBUG_INFORMATION_FORMAT = dwarf;
				ENABLE_STRICT_OBJC_MSGSEND = YES;
				ENABLE_TESTABILITY = YES;
				GCC_C_LANGUAGE_STANDARD = gnu11;
				GCC_DYNAMIC_NO_PIC = NO;
				GCC_NO_COMMON_BLOCKS = YES;
				GCC_OPTIMIZATION_LEVEL = 0;
				GCC_PREPROCESSOR_DEFINITIONS = (
					"DEBUG=1",
					"$(inherited)",
				);
				GCC_WARN_64_TO_32_BIT_CONVERSION = YES;
				GCC_WARN_ABOUT_RETURN_TYPE = YES_ERROR;
				GCC_WARN_UNDECLARED_SELECTOR = YES;
				GCC_WARN_UNINITIALIZED_AUTOS = YES_AGGRESSIVE;
				GCC_WARN_UNUSED_FUNCTION = YES;
				GCC_WARN_UNUSED_VARIABLE = YES;
				IPHONEOS_DEPLOYMENT_TARGET = 15.0;
				MTL_ENABLE_DEBUG_INFO = INCLUDE_SOURCE;
				MTL_FAST_MATH = YES;
				ONLY_ACTIVE_ARCH = YES;
				SDKROOT = iphoneos;
				SWIFT_ACTIVE_COMPILATION_CONDITIONS = DEBUG;
				SWIFT_OPTIMIZATION_LEVEL = "-Onone";
			};
			name = Debug;
		};
		098F32F02A4200FE0092D09A /* Release */ = {
			isa = XCBuildConfiguration;
			buildSettings = {
				ALWAYS_SEARCH_USER_PATHS = NO;
				CLANG_ANALYZER_NONNULL = YES;
				CLANG_ANALYZER_NUMBER_OBJECT_CONVERSION = YES_AGGRESSIVE;
				CLANG_CXX_LANGUAGE_STANDARD = "gnu++20";
				CLANG_ENABLE_MODULES = YES;
				CLANG_ENABLE_OBJC_ARC = YES;
				CLANG_ENABLE_OBJC_WEAK = YES;
				CLANG_WARN_BLOCK_CAPTURE_AUTORELEASING = YES;
				CLANG_WARN_BOOL_CONVERSION = YES;
				CLANG_WARN_COMMA = YES;
				CLANG_WARN_CONSTANT_CONVERSION = YES;
				CLANG_WARN_DEPRECATED_OBJC_IMPLEMENTATIONS = YES;
				CLANG_WARN_DIRECT_OBJC_ISA_USAGE = YES_ERROR;
				CLANG_WARN_DOCUMENTATION_COMMENTS = YES;
				CLANG_WARN_EMPTY_BODY = YES;
				CLANG_WARN_ENUM_CONVERSION = YES;
				CLANG_WARN_INFINITE_RECURSION = YES;
				CLANG_WARN_INT_CONVERSION = YES;
				CLANG_WARN_NON_LITERAL_NULL_CONVERSION = YES;
				CLANG_WARN_OBJC_IMPLICIT_RETAIN_SELF = YES;
				CLANG_WARN_OBJC_LITERAL_CONVERSION = YES;
				CLANG_WARN_OBJC_ROOT_CLASS = YES_ERROR;
				CLANG_WARN_QUOTED_INCLUDE_IN_FRAMEWORK_HEADER = YES;
				CLANG_WARN_RANGE_LOOP_ANALYSIS = YES;
				CLANG_WARN_STRICT_PROTOTYPES = YES;
				CLANG_WARN_SUSPICIOUS_MOVE = YES;
				CLANG_WARN_UNGUARDED_AVAILABILITY = YES_AGGRESSIVE;
				CLANG_WARN_UNREACHABLE_CODE = YES;
				CLANG_WARN__DUPLICATE_METHOD_MATCH = YES;
				COPY_PHASE_STRIP = NO;
				DEBUG_INFORMATION_FORMAT = "dwarf-with-dsym";
				ENABLE_NS_ASSERTIONS = NO;
				ENABLE_STRICT_OBJC_MSGSEND = YES;
				GCC_C_LANGUAGE_STANDARD = gnu11;
				GCC_NO_COMMON_BLOCKS = YES;
				GCC_WARN_64_TO_32_BIT_CONVERSION = YES;
				GCC_WARN_ABOUT_RETURN_TYPE = YES_ERROR;
				GCC_WARN_UNDECLARED_SELECTOR = YES;
				GCC_WARN_UNINITIALIZED_AUTOS = YES_AGGRESSIVE;
				GCC_WARN_UNUSED_FUNCTION = YES;
				GCC_WARN_UNUSED_VARIABLE = YES;
				IPHONEOS_DEPLOYMENT_TARGET = 15.0;
				MTL_ENABLE_DEBUG_INFO = NO;
				MTL_FAST_MATH = YES;
				SDKROOT = iphoneos;
				SWIFT_COMPILATION_MODE = wholemodule;
				SWIFT_OPTIMIZATION_LEVEL = "-O";
				VALIDATE_PRODUCT = YES;
			};
			name = Release;
		};
		098F32F22A4200FE0092D09A /* Debug */ = {
			isa = XCBuildConfiguration;
			buildSettings = {
				ASSETCATALOG_COMPILER_APPICON_NAME = AppIcon;
				ASSETCATALOG_COMPILER_GLOBAL_ACCENT_COLOR_NAME = AccentColor;
				CODE_SIGN_IDENTITY = "Apple Development";
				CODE_SIGN_STYLE = Automatic;
				CURRENT_PROJECT_VERSION = 1;
				DEBUG_INFORMATION_FORMAT = "dwarf-with-dsym";
				DEVELOPMENT_TEAM = S9G6YGQ76H;
				GENERATE_INFOPLIST_FILE = YES;
				INFOPLIST_FILE = "GEON-PPANG-iOS/Resource/Info.plist";
				INFOPLIST_KEY_UIApplicationSupportsIndirectInputEvents = YES;
				INFOPLIST_KEY_UILaunchStoryboardName = LaunchScreen.storyboard;
				INFOPLIST_KEY_UISupportedInterfaceOrientations_iPad = "UIInterfaceOrientationPortrait UIInterfaceOrientationPortraitUpsideDown UIInterfaceOrientationLandscapeLeft UIInterfaceOrientationLandscapeRight";
				INFOPLIST_KEY_UISupportedInterfaceOrientations_iPhone = "UIInterfaceOrientationPortrait UIInterfaceOrientationLandscapeLeft UIInterfaceOrientationLandscapeRight";
				LD_RUNPATH_SEARCH_PATHS = (
					"$(inherited)",
					"@executable_path/Frameworks",
				);
				MARKETING_VERSION = 1.0;
				PRODUCT_BUNDLE_IDENTIFIER = "geonbbang.GEON-PPANG-iOS";
				PRODUCT_NAME = "$(TARGET_NAME)";
				PROVISIONING_PROFILE_SPECIFIER = "";
				SWIFT_EMIT_LOC_STRINGS = YES;
				SWIFT_VERSION = 5.0;
				TARGETED_DEVICE_FAMILY = "1,2";
			};
			name = Debug;
		};
		098F32F32A4200FE0092D09A /* Release */ = {
			isa = XCBuildConfiguration;
			buildSettings = {
				ASSETCATALOG_COMPILER_APPICON_NAME = AppIcon;
				ASSETCATALOG_COMPILER_GLOBAL_ACCENT_COLOR_NAME = AccentColor;
				CODE_SIGN_IDENTITY = "Apple Development";
				CODE_SIGN_STYLE = Automatic;
				CURRENT_PROJECT_VERSION = 1;
				DEVELOPMENT_TEAM = S9G6YGQ76H;
				GENERATE_INFOPLIST_FILE = YES;
				INFOPLIST_FILE = "GEON-PPANG-iOS/Resource/Info.plist";
				INFOPLIST_KEY_UIApplicationSupportsIndirectInputEvents = YES;
				INFOPLIST_KEY_UILaunchStoryboardName = LaunchScreen.storyboard;
				INFOPLIST_KEY_UISupportedInterfaceOrientations_iPad = "UIInterfaceOrientationPortrait UIInterfaceOrientationPortraitUpsideDown UIInterfaceOrientationLandscapeLeft UIInterfaceOrientationLandscapeRight";
				INFOPLIST_KEY_UISupportedInterfaceOrientations_iPhone = "UIInterfaceOrientationPortrait UIInterfaceOrientationLandscapeLeft UIInterfaceOrientationLandscapeRight";
				LD_RUNPATH_SEARCH_PATHS = (
					"$(inherited)",
					"@executable_path/Frameworks",
				);
				MARKETING_VERSION = 1.0;
				PRODUCT_BUNDLE_IDENTIFIER = "geonbbang.GEON-PPANG-iOS";
				PRODUCT_NAME = "$(TARGET_NAME)";
				PROVISIONING_PROFILE_SPECIFIER = "";
				SWIFT_EMIT_LOC_STRINGS = YES;
				SWIFT_VERSION = 5.0;
				TARGETED_DEVICE_FAMILY = "1,2";
			};
			name = Release;
		};
/* End XCBuildConfiguration section */

/* Begin XCConfigurationList section */
		098F32D82A4200FD0092D09A /* Build configuration list for PBXProject "GEON-PPANG-iOS" */ = {
			isa = XCConfigurationList;
			buildConfigurations = (
				098F32EF2A4200FE0092D09A /* Debug */,
				098F32F02A4200FE0092D09A /* Release */,
			);
			defaultConfigurationIsVisible = 0;
			defaultConfigurationName = Release;
		};
		098F32F12A4200FE0092D09A /* Build configuration list for PBXNativeTarget "GEON-PPANG-iOS" */ = {
			isa = XCConfigurationList;
			buildConfigurations = (
				098F32F22A4200FE0092D09A /* Debug */,
				098F32F32A4200FE0092D09A /* Release */,
			);
			defaultConfigurationIsVisible = 0;
			defaultConfigurationName = Release;
		};
/* End XCConfigurationList section */

/* Begin XCRemoteSwiftPackageReference section */
		090556362A51E16B00752067 /* XCRemoteSwiftPackageReference "Then" */ = {
			isa = XCRemoteSwiftPackageReference;
			repositoryURL = "https://github.com/devxoul/Then";
			requirement = {
				kind = upToNextMajorVersion;
				minimumVersion = 3.0.0;
			};
		};
		090556392A51E17800752067 /* XCRemoteSwiftPackageReference "SnapKit" */ = {
			isa = XCRemoteSwiftPackageReference;
			repositoryURL = "https://github.com/SnapKit/SnapKit";
			requirement = {
				kind = upToNextMajorVersion;
				minimumVersion = 5.0.0;
			};
		};
		0905563C2A51E2C700752067 /* XCRemoteSwiftPackageReference "firebase-ios-sdk" */ = {
			isa = XCRemoteSwiftPackageReference;
			repositoryURL = "https://github.com/firebase/firebase-ios-sdk";
			requirement = {
				kind = upToNextMajorVersion;
				minimumVersion = 9.0.0;
			};
		};
		090556412A51E6FC00752067 /* XCRemoteSwiftPackageReference "Moya" */ = {
			isa = XCRemoteSwiftPackageReference;
			repositoryURL = "https://github.com/Moya/Moya";
			requirement = {
				branch = master;
				kind = branch;
			};
		};
/* End XCRemoteSwiftPackageReference section */

/* Begin XCSwiftPackageProductDependency section */
		090556372A51E16B00752067 /* Then */ = {
			isa = XCSwiftPackageProductDependency;
			package = 090556362A51E16B00752067 /* XCRemoteSwiftPackageReference "Then" */;
			productName = Then;
		};
		0905563A2A51E17800752067 /* SnapKit */ = {
			isa = XCSwiftPackageProductDependency;
			package = 090556392A51E17800752067 /* XCRemoteSwiftPackageReference "SnapKit" */;
			productName = SnapKit;
		};
		0905563D2A51E2C700752067 /* FirebaseAnalytics */ = {
			isa = XCSwiftPackageProductDependency;
			package = 0905563C2A51E2C700752067 /* XCRemoteSwiftPackageReference "firebase-ios-sdk" */;
			productName = FirebaseAnalytics;
		};
		0905563F2A51E2C700752067 /* FirebaseCrashlytics */ = {
			isa = XCSwiftPackageProductDependency;
			package = 0905563C2A51E2C700752067 /* XCRemoteSwiftPackageReference "firebase-ios-sdk" */;
			productName = FirebaseCrashlytics;
		};
		090556422A51E6FC00752067 /* Moya */ = {
			isa = XCSwiftPackageProductDependency;
			package = 090556412A51E6FC00752067 /* XCRemoteSwiftPackageReference "Moya" */;
			productName = Moya;
		};
/* End XCSwiftPackageProductDependency section */
	};
	rootObject = 098F32D52A4200FD0092D09A /* Project object */;
}
